// !$*UTF8*$!
{
	archiveVersion = 1;
	classes = {
	};
	objectVersion = 46;
	objects = {

/* Begin PBXBuildFile section */
		E55606741DEA68F100D9F1F8 /* ShkadovTests.swift in Sources */ = {isa = PBXBuildFile; fileRef = E55606731DEA68F100D9F1F8 /* ShkadovTests.swift */; };
		E55606A21DEA6F4900D9F1F8 /* FieryCrucible.framework in Frameworks */ = {isa = PBXBuildFile; fileRef = E55606841DEA6F2500D9F1F8 /* FieryCrucible.framework */; };
		E55606A31DEA6F4900D9F1F8 /* FranticApparatus.framework in Frameworks */ = {isa = PBXBuildFile; fileRef = E556068D1DEA6F2C00D9F1F8 /* FranticApparatus.framework */; };
		E55606A41DEA6F4900D9F1F8 /* Lilliput.framework in Frameworks */ = {isa = PBXBuildFile; fileRef = E55606961DEA6F3100D9F1F8 /* Lilliput.framework */; };
		E55606A51DEA6F4900D9F1F8 /* Swiftish.framework in Frameworks */ = {isa = PBXBuildFile; fileRef = E556069F1DEA6F3600D9F1F8 /* Swiftish.framework */; };
		E55606B71DEA71EB00D9F1F8 /* Camera.swift in Sources */ = {isa = PBXBuildFile; fileRef = E55606A71DEA71EB00D9F1F8 /* Camera.swift */; };
		E55606B81DEA71EB00D9F1F8 /* Engine.swift in Sources */ = {isa = PBXBuildFile; fileRef = E55606A81DEA71EB00D9F1F8 /* Engine.swift */; };
		E55606B91DEA71EB00D9F1F8 /* main.swift in Sources */ = {isa = PBXBuildFile; fileRef = E55606A91DEA71EB00D9F1F8 /* main.swift */; };
		E55606BB1DEA71EB00D9F1F8 /* MachOTimeSource.swift in Sources */ = {isa = PBXBuildFile; fileRef = E55606AE1DEA71EB00D9F1F8 /* MachOTimeSource.swift */; };
		E55606BC1DEA71EB00D9F1F8 /* macOSGameFactory.swift in Sources */ = {isa = PBXBuildFile; fileRef = E55606B01DEA71EB00D9F1F8 /* macOSGameFactory.swift */; };
		E55606BD1DEA71EB00D9F1F8 /* macOSMouseCursorManager.swift in Sources */ = {isa = PBXBuildFile; fileRef = E55606B11DEA71EB00D9F1F8 /* macOSMouseCursorManager.swift */; };
		E55606BE1DEA71EB00D9F1F8 /* macOSPlatform.swift in Sources */ = {isa = PBXBuildFile; fileRef = E55606B21DEA71EB00D9F1F8 /* macOSPlatform.swift */; };
		E55606BF1DEA71EB00D9F1F8 /* macOSViewController.swift in Sources */ = {isa = PBXBuildFile; fileRef = E55606B31DEA71EB00D9F1F8 /* macOSViewController.swift */; };
		E55606C01DEA71EB00D9F1F8 /* Logger.swift in Sources */ = {isa = PBXBuildFile; fileRef = E55606B51DEA71EB00D9F1F8 /* Logger.swift */; };
		E55606C11DEA71EB00D9F1F8 /* Time.swift in Sources */ = {isa = PBXBuildFile; fileRef = E55606B61DEA71EB00D9F1F8 /* Time.swift */; };
		E55606C51DEA757200D9F1F8 /* RenderDevice.swift in Sources */ = {isa = PBXBuildFile; fileRef = E55606C41DEA757200D9F1F8 /* RenderDevice.swift */; };
		E55606C71DEA762B00D9F1F8 /* MetalRenderDevice.swift in Sources */ = {isa = PBXBuildFile; fileRef = E55606C61DEA762B00D9F1F8 /* MetalRenderDevice.swift */; };
		E55606D11DEA7A0000D9F1F8 /* Platform.swift in Sources */ = {isa = PBXBuildFile; fileRef = E55606D01DEA7A0000D9F1F8 /* Platform.swift */; };
		E55606D31DEA7A9900D9F1F8 /* RawConfigReader.swift in Sources */ = {isa = PBXBuildFile; fileRef = E55606D21DEA7A9900D9F1F8 /* RawConfigReader.swift */; };
		E55606D51DEA7ACD00D9F1F8 /* RawConfigWriter.swift in Sources */ = {isa = PBXBuildFile; fileRef = E55606D41DEA7ACD00D9F1F8 /* RawConfigWriter.swift */; };
		E55606D81DEA7B4200D9F1F8 /* FoundationRawConfigReader.swift in Sources */ = {isa = PBXBuildFile; fileRef = E55606D71DEA7B4200D9F1F8 /* FoundationRawConfigReader.swift */; };
		E55606DA1DEA7B4E00D9F1F8 /* FoundationRawConfigWriter.swift in Sources */ = {isa = PBXBuildFile; fileRef = E55606D91DEA7B4E00D9F1F8 /* FoundationRawConfigWriter.swift */; };
		E55606DC1DEA7DF500D9F1F8 /* FilePaths.swift in Sources */ = {isa = PBXBuildFile; fileRef = E55606DB1DEA7DF500D9F1F8 /* FilePaths.swift */; };
		E55606DE1DEA7E6100D9F1F8 /* FoundationFilePaths.swift in Sources */ = {isa = PBXBuildFile; fileRef = E55606DD1DEA7E6100D9F1F8 /* FoundationFilePaths.swift */; };
		E55606E01DEA93E300D9F1F8 /* Game.swift in Sources */ = {isa = PBXBuildFile; fileRef = E55606DF1DEA93E300D9F1F8 /* Game.swift */; };
		E55606E31DEB3DD100D9F1F8 /* UnixMath.swift in Sources */ = {isa = PBXBuildFile; fileRef = E55606E21DEB3DD100D9F1F8 /* UnixMath.swift */; };
		E55606E61DEB3E1500D9F1F8 /* POSIXThreadIDProvider.swift in Sources */ = {isa = PBXBuildFile; fileRef = E55606E51DEB3E1500D9F1F8 /* POSIXThreadIDProvider.swift */; };
		E55606E81DEB406000D9F1F8 /* FoundationFormattedTimestampProvider.swift in Sources */ = {isa = PBXBuildFile; fileRef = E55606E71DEB406000D9F1F8 /* FoundationFormattedTimestampProvider.swift */; };
		E55606EA1DEB497B00D9F1F8 /* FoundationApplicationNameProvider.swift in Sources */ = {isa = PBXBuildFile; fileRef = E55606E91DEB497B00D9F1F8 /* FoundationApplicationNameProvider.swift */; };
		E55606EC1DEB4CEB00D9F1F8 /* MouseCursorManager.swift in Sources */ = {isa = PBXBuildFile; fileRef = E55606EB1DEB4CEB00D9F1F8 /* MouseCursorManager.swift */; };
		E55606EE1DEB607700D9F1F8 /* Bootstrap.swift in Sources */ = {isa = PBXBuildFile; fileRef = E55606ED1DEB607700D9F1F8 /* Bootstrap.swift */; };
		E55606F01DEB618900D9F1F8 /* GameFactory.swift in Sources */ = {isa = PBXBuildFile; fileRef = E55606EF1DEB618900D9F1F8 /* GameFactory.swift */; };
		E55606F21DEB61F200D9F1F8 /* macOSBootstrap.swift in Sources */ = {isa = PBXBuildFile; fileRef = E55606F11DEB61F200D9F1F8 /* macOSBootstrap.swift */; };
		E55606F61DEB669800D9F1F8 /* OpenGLRenderDevice.swift in Sources */ = {isa = PBXBuildFile; fileRef = E55606F51DEB669800D9F1F8 /* OpenGLRenderDevice.swift */; };
		E55606F81DEB66AD00D9F1F8 /* VulkanRenderDevice.swift in Sources */ = {isa = PBXBuildFile; fileRef = E55606F71DEB66AD00D9F1F8 /* VulkanRenderDevice.swift */; };
		E55606FB1DEB671600D9F1F8 /* DirectXRenderDevice.swift in Sources */ = {isa = PBXBuildFile; fileRef = E55606FA1DEB671600D9F1F8 /* DirectXRenderDevice.swift */; };
		E55606FD1DEB674500D9F1F8 /* RendererType.swift in Sources */ = {isa = PBXBuildFile; fileRef = E55606FC1DEB674500D9F1F8 /* RendererType.swift */; };
		E55607011DEB686200D9F1F8 /* LinuxPlatform.swift in Sources */ = {isa = PBXBuildFile; fileRef = E55607001DEB686200D9F1F8 /* LinuxPlatform.swift */; };
		E55607031DEB68BA00D9F1F8 /* WindowsPlatform.swift in Sources */ = {isa = PBXBuildFile; fileRef = E55607021DEB68BA00D9F1F8 /* WindowsPlatform.swift */; };
		E55607051DEB697C00D9F1F8 /* RendererFactory.swift in Sources */ = {isa = PBXBuildFile; fileRef = E55607041DEB697C00D9F1F8 /* RendererFactory.swift */; };
		E55607071DEB6B2900D9F1F8 /* macOSRendererFactory.swift in Sources */ = {isa = PBXBuildFile; fileRef = E55607061DEB6B2900D9F1F8 /* macOSRendererFactory.swift */; };
		E55607091DEB6F0C00D9F1F8 /* RawConfig.swift in Sources */ = {isa = PBXBuildFile; fileRef = E55607081DEB6F0C00D9F1F8 /* RawConfig.swift */; };
		E556070B1DEB6FC600D9F1F8 /* PlatformDelegate.swift in Sources */ = {isa = PBXBuildFile; fileRef = E556070A1DEB6FC600D9F1F8 /* PlatformDelegate.swift */; };
/* End PBXBuildFile section */

/* Begin PBXContainerItemProxy section */
		E55606701DEA68F100D9F1F8 /* PBXContainerItemProxy */ = {
			isa = PBXContainerItemProxy;
			containerPortal = E55606541DEA68F000D9F1F8 /* Project object */;
			proxyType = 1;
			remoteGlobalIDString = E556065B1DEA68F000D9F1F8;
			remoteInfo = Shkadov;
		};
		E55606831DEA6F2500D9F1F8 /* PBXContainerItemProxy */ = {
			isa = PBXContainerItemProxy;
			containerPortal = E556067E1DEA6F2500D9F1F8 /* FieryCrucible.xcodeproj */;
			proxyType = 2;
			remoteGlobalIDString = "_____Product_FieryCrucible";
			remoteInfo = FieryCrucible;
		};
		E55606851DEA6F2500D9F1F8 /* PBXContainerItemProxy */ = {
			isa = PBXContainerItemProxy;
			containerPortal = E556067E1DEA6F2500D9F1F8 /* FieryCrucible.xcodeproj */;
			proxyType = 2;
			remoteGlobalIDString = "_____Product_FieryCrucibleTests";
			remoteInfo = FieryCrucibleTests;
		};
		E556068C1DEA6F2C00D9F1F8 /* PBXContainerItemProxy */ = {
			isa = PBXContainerItemProxy;
			containerPortal = E55606871DEA6F2C00D9F1F8 /* FranticApparatus.xcodeproj */;
			proxyType = 2;
			remoteGlobalIDString = E55CA21119C676DC00E66980;
			remoteInfo = FranticApparatus;
		};
		E556068E1DEA6F2C00D9F1F8 /* PBXContainerItemProxy */ = {
			isa = PBXContainerItemProxy;
			containerPortal = E55606871DEA6F2C00D9F1F8 /* FranticApparatus.xcodeproj */;
			proxyType = 2;
			remoteGlobalIDString = E55CA21C19C676DC00E66980;
			remoteInfo = FranticApparatusTests;
		};
		E55606951DEA6F3100D9F1F8 /* PBXContainerItemProxy */ = {
			isa = PBXContainerItemProxy;
			containerPortal = E55606901DEA6F3100D9F1F8 /* Lilliput.xcodeproj */;
			proxyType = 2;
			remoteGlobalIDString = OBJ_29;
			remoteInfo = Lilliput;
		};
		E55606971DEA6F3100D9F1F8 /* PBXContainerItemProxy */ = {
			isa = PBXContainerItemProxy;
			containerPortal = E55606901DEA6F3100D9F1F8 /* Lilliput.xcodeproj */;
			proxyType = 2;
			remoteGlobalIDString = OBJ_30;
			remoteInfo = LilliputTests;
		};
		E556069E1DEA6F3600D9F1F8 /* PBXContainerItemProxy */ = {
			isa = PBXContainerItemProxy;
			containerPortal = E55606991DEA6F3500D9F1F8 /* Swiftish.xcodeproj */;
			proxyType = 2;
			remoteGlobalIDString = "_____Product_Swiftish";
			remoteInfo = Swiftish;
		};
		E55606A01DEA6F3600D9F1F8 /* PBXContainerItemProxy */ = {
			isa = PBXContainerItemProxy;
			containerPortal = E55606991DEA6F3500D9F1F8 /* Swiftish.xcodeproj */;
			proxyType = 2;
			remoteGlobalIDString = "_____Product_SwiftishTests";
			remoteInfo = SwiftishTests;
		};
/* End PBXContainerItemProxy section */

/* Begin PBXFileReference section */
		E556065C1DEA68F000D9F1F8 /* Shkadov.app */ = {isa = PBXFileReference; explicitFileType = wrapper.application; includeInIndex = 0; path = Shkadov.app; sourceTree = BUILT_PRODUCTS_DIR; };
		E556066A1DEA68F100D9F1F8 /* Info.plist */ = {isa = PBXFileReference; lastKnownFileType = text.plist.xml; path = Info.plist; sourceTree = "<group>"; };
		E556066F1DEA68F100D9F1F8 /* ShkadovTests.xctest */ = {isa = PBXFileReference; explicitFileType = wrapper.cfbundle; includeInIndex = 0; path = ShkadovTests.xctest; sourceTree = BUILT_PRODUCTS_DIR; };
		E55606731DEA68F100D9F1F8 /* ShkadovTests.swift */ = {isa = PBXFileReference; lastKnownFileType = sourcecode.swift; path = ShkadovTests.swift; sourceTree = "<group>"; };
		E55606751DEA68F100D9F1F8 /* Info.plist */ = {isa = PBXFileReference; lastKnownFileType = text.plist.xml; path = Info.plist; sourceTree = "<group>"; };
		E556067E1DEA6F2500D9F1F8 /* FieryCrucible.xcodeproj */ = {isa = PBXFileReference; lastKnownFileType = "wrapper.pb-project"; name = FieryCrucible.xcodeproj; path = Carthage/Checkouts/FieryCrucible/FieryCrucible.xcodeproj; sourceTree = "<group>"; };
		E55606871DEA6F2C00D9F1F8 /* FranticApparatus.xcodeproj */ = {isa = PBXFileReference; lastKnownFileType = "wrapper.pb-project"; name = FranticApparatus.xcodeproj; path = Carthage/Checkouts/FranticApparatus/FranticApparatus.xcodeproj; sourceTree = "<group>"; };
		E55606901DEA6F3100D9F1F8 /* Lilliput.xcodeproj */ = {isa = PBXFileReference; lastKnownFileType = "wrapper.pb-project"; name = Lilliput.xcodeproj; path = Carthage/Checkouts/Lilliput/Lilliput.xcodeproj; sourceTree = "<group>"; };
		E55606991DEA6F3500D9F1F8 /* Swiftish.xcodeproj */ = {isa = PBXFileReference; lastKnownFileType = "wrapper.pb-project"; name = Swiftish.xcodeproj; path = Carthage/Checkouts/Swiftish/Swiftish.xcodeproj; sourceTree = "<group>"; };
		E55606A71DEA71EB00D9F1F8 /* Camera.swift */ = {isa = PBXFileReference; fileEncoding = 4; lastKnownFileType = sourcecode.swift; path = Camera.swift; sourceTree = "<group>"; };
		E55606A81DEA71EB00D9F1F8 /* Engine.swift */ = {isa = PBXFileReference; fileEncoding = 4; lastKnownFileType = sourcecode.swift; path = Engine.swift; sourceTree = "<group>"; };
		E55606A91DEA71EB00D9F1F8 /* main.swift */ = {isa = PBXFileReference; fileEncoding = 4; lastKnownFileType = sourcecode.swift; path = main.swift; sourceTree = "<group>"; };
		E55606AE1DEA71EB00D9F1F8 /* MachOTimeSource.swift */ = {isa = PBXFileReference; fileEncoding = 4; lastKnownFileType = sourcecode.swift; path = MachOTimeSource.swift; sourceTree = "<group>"; };
		E55606B01DEA71EB00D9F1F8 /* macOSGameFactory.swift */ = {isa = PBXFileReference; fileEncoding = 4; lastKnownFileType = sourcecode.swift; path = macOSGameFactory.swift; sourceTree = "<group>"; };
		E55606B11DEA71EB00D9F1F8 /* macOSMouseCursorManager.swift */ = {isa = PBXFileReference; fileEncoding = 4; lastKnownFileType = sourcecode.swift; path = macOSMouseCursorManager.swift; sourceTree = "<group>"; };
		E55606B21DEA71EB00D9F1F8 /* macOSPlatform.swift */ = {isa = PBXFileReference; fileEncoding = 4; lastKnownFileType = sourcecode.swift; path = macOSPlatform.swift; sourceTree = "<group>"; };
		E55606B31DEA71EB00D9F1F8 /* macOSViewController.swift */ = {isa = PBXFileReference; fileEncoding = 4; lastKnownFileType = sourcecode.swift; path = macOSViewController.swift; sourceTree = "<group>"; };
		E55606B51DEA71EB00D9F1F8 /* Logger.swift */ = {isa = PBXFileReference; fileEncoding = 4; lastKnownFileType = sourcecode.swift; path = Logger.swift; sourceTree = "<group>"; };
		E55606B61DEA71EB00D9F1F8 /* Time.swift */ = {isa = PBXFileReference; fileEncoding = 4; lastKnownFileType = sourcecode.swift; path = Time.swift; sourceTree = "<group>"; };
		E55606C41DEA757200D9F1F8 /* RenderDevice.swift */ = {isa = PBXFileReference; fileEncoding = 4; lastKnownFileType = sourcecode.swift; path = RenderDevice.swift; sourceTree = "<group>"; };
		E55606C61DEA762B00D9F1F8 /* MetalRenderDevice.swift */ = {isa = PBXFileReference; fileEncoding = 4; lastKnownFileType = sourcecode.swift; path = MetalRenderDevice.swift; sourceTree = "<group>"; };
		E55606C81DEA76BA00D9F1F8 /* LICENSE */ = {isa = PBXFileReference; fileEncoding = 4; lastKnownFileType = text; path = LICENSE; sourceTree = SOURCE_ROOT; };
		E55606C91DEA76BA00D9F1F8 /* README.md */ = {isa = PBXFileReference; fileEncoding = 4; lastKnownFileType = net.daringfireball.markdown; path = README.md; sourceTree = SOURCE_ROOT; };
		E55606D01DEA7A0000D9F1F8 /* Platform.swift */ = {isa = PBXFileReference; fileEncoding = 4; lastKnownFileType = sourcecode.swift; path = Platform.swift; sourceTree = "<group>"; };
		E55606D21DEA7A9900D9F1F8 /* RawConfigReader.swift */ = {isa = PBXFileReference; fileEncoding = 4; lastKnownFileType = sourcecode.swift; path = RawConfigReader.swift; sourceTree = "<group>"; };
		E55606D41DEA7ACD00D9F1F8 /* RawConfigWriter.swift */ = {isa = PBXFileReference; fileEncoding = 4; lastKnownFileType = sourcecode.swift; path = RawConfigWriter.swift; sourceTree = "<group>"; };
		E55606D71DEA7B4200D9F1F8 /* FoundationRawConfigReader.swift */ = {isa = PBXFileReference; fileEncoding = 4; lastKnownFileType = sourcecode.swift; path = FoundationRawConfigReader.swift; sourceTree = "<group>"; };
		E55606D91DEA7B4E00D9F1F8 /* FoundationRawConfigWriter.swift */ = {isa = PBXFileReference; fileEncoding = 4; lastKnownFileType = sourcecode.swift; path = FoundationRawConfigWriter.swift; sourceTree = "<group>"; };
		E55606DB1DEA7DF500D9F1F8 /* FilePaths.swift */ = {isa = PBXFileReference; fileEncoding = 4; lastKnownFileType = sourcecode.swift; path = FilePaths.swift; sourceTree = "<group>"; };
		E55606DD1DEA7E6100D9F1F8 /* FoundationFilePaths.swift */ = {isa = PBXFileReference; fileEncoding = 4; lastKnownFileType = sourcecode.swift; path = FoundationFilePaths.swift; sourceTree = "<group>"; };
		E55606DF1DEA93E300D9F1F8 /* Game.swift */ = {isa = PBXFileReference; fileEncoding = 4; lastKnownFileType = sourcecode.swift; path = Game.swift; sourceTree = "<group>"; };
		E55606E21DEB3DD100D9F1F8 /* UnixMath.swift */ = {isa = PBXFileReference; fileEncoding = 4; lastKnownFileType = sourcecode.swift; path = UnixMath.swift; sourceTree = "<group>"; };
		E55606E51DEB3E1500D9F1F8 /* POSIXThreadIDProvider.swift */ = {isa = PBXFileReference; fileEncoding = 4; lastKnownFileType = sourcecode.swift; path = POSIXThreadIDProvider.swift; sourceTree = "<group>"; };
		E55606E71DEB406000D9F1F8 /* FoundationFormattedTimestampProvider.swift */ = {isa = PBXFileReference; fileEncoding = 4; lastKnownFileType = sourcecode.swift; path = FoundationFormattedTimestampProvider.swift; sourceTree = "<group>"; };
		E55606E91DEB497B00D9F1F8 /* FoundationApplicationNameProvider.swift */ = {isa = PBXFileReference; fileEncoding = 4; lastKnownFileType = sourcecode.swift; path = FoundationApplicationNameProvider.swift; sourceTree = "<group>"; };
		E55606EB1DEB4CEB00D9F1F8 /* MouseCursorManager.swift */ = {isa = PBXFileReference; fileEncoding = 4; lastKnownFileType = sourcecode.swift; path = MouseCursorManager.swift; sourceTree = "<group>"; };
		E55606ED1DEB607700D9F1F8 /* Bootstrap.swift */ = {isa = PBXFileReference; fileEncoding = 4; lastKnownFileType = sourcecode.swift; path = Bootstrap.swift; sourceTree = "<group>"; };
		E55606EF1DEB618900D9F1F8 /* GameFactory.swift */ = {isa = PBXFileReference; fileEncoding = 4; lastKnownFileType = sourcecode.swift; path = GameFactory.swift; sourceTree = "<group>"; };
		E55606F11DEB61F200D9F1F8 /* macOSBootstrap.swift */ = {isa = PBXFileReference; fileEncoding = 4; lastKnownFileType = sourcecode.swift; path = macOSBootstrap.swift; sourceTree = "<group>"; };
		E55606F51DEB669800D9F1F8 /* OpenGLRenderDevice.swift */ = {isa = PBXFileReference; fileEncoding = 4; lastKnownFileType = sourcecode.swift; path = OpenGLRenderDevice.swift; sourceTree = "<group>"; };
		E55606F71DEB66AD00D9F1F8 /* VulkanRenderDevice.swift */ = {isa = PBXFileReference; fileEncoding = 4; lastKnownFileType = sourcecode.swift; path = VulkanRenderDevice.swift; sourceTree = "<group>"; };
		E55606FA1DEB671600D9F1F8 /* DirectXRenderDevice.swift */ = {isa = PBXFileReference; fileEncoding = 4; lastKnownFileType = sourcecode.swift; path = DirectXRenderDevice.swift; sourceTree = "<group>"; };
		E55606FC1DEB674500D9F1F8 /* RendererType.swift */ = {isa = PBXFileReference; fileEncoding = 4; lastKnownFileType = sourcecode.swift; path = RendererType.swift; sourceTree = "<group>"; };
		E55607001DEB686200D9F1F8 /* LinuxPlatform.swift */ = {isa = PBXFileReference; fileEncoding = 4; lastKnownFileType = sourcecode.swift; path = LinuxPlatform.swift; sourceTree = "<group>"; };
		E55607021DEB68BA00D9F1F8 /* WindowsPlatform.swift */ = {isa = PBXFileReference; fileEncoding = 4; lastKnownFileType = sourcecode.swift; path = WindowsPlatform.swift; sourceTree = "<group>"; };
		E55607041DEB697C00D9F1F8 /* RendererFactory.swift */ = {isa = PBXFileReference; fileEncoding = 4; lastKnownFileType = sourcecode.swift; path = RendererFactory.swift; sourceTree = "<group>"; };
		E55607061DEB6B2900D9F1F8 /* macOSRendererFactory.swift */ = {isa = PBXFileReference; fileEncoding = 4; lastKnownFileType = sourcecode.swift; path = macOSRendererFactory.swift; sourceTree = "<group>"; };
		E55607081DEB6F0C00D9F1F8 /* RawConfig.swift */ = {isa = PBXFileReference; fileEncoding = 4; lastKnownFileType = sourcecode.swift; path = RawConfig.swift; sourceTree = "<group>"; };
		E556070A1DEB6FC600D9F1F8 /* PlatformDelegate.swift */ = {isa = PBXFileReference; fileEncoding = 4; lastKnownFileType = sourcecode.swift; path = PlatformDelegate.swift; sourceTree = "<group>"; };
/* End PBXFileReference section */

/* Begin PBXFrameworksBuildPhase section */
		E55606591DEA68F000D9F1F8 /* Frameworks */ = {
			isa = PBXFrameworksBuildPhase;
			buildActionMask = 2147483647;
			files = (
				E55606A21DEA6F4900D9F1F8 /* FieryCrucible.framework in Frameworks */,
				E55606A31DEA6F4900D9F1F8 /* FranticApparatus.framework in Frameworks */,
				E55606A41DEA6F4900D9F1F8 /* Lilliput.framework in Frameworks */,
				E55606A51DEA6F4900D9F1F8 /* Swiftish.framework in Frameworks */,
			);
			runOnlyForDeploymentPostprocessing = 0;
		};
		E556066C1DEA68F100D9F1F8 /* Frameworks */ = {
			isa = PBXFrameworksBuildPhase;
			buildActionMask = 2147483647;
			files = (
			);
			runOnlyForDeploymentPostprocessing = 0;
		};
/* End PBXFrameworksBuildPhase section */

/* Begin PBXGroup section */
		E55606531DEA68F000D9F1F8 = {
			isa = PBXGroup;
			children = (
				E556067E1DEA6F2500D9F1F8 /* FieryCrucible.xcodeproj */,
				E55606871DEA6F2C00D9F1F8 /* FranticApparatus.xcodeproj */,
				E55606901DEA6F3100D9F1F8 /* Lilliput.xcodeproj */,
				E55606991DEA6F3500D9F1F8 /* Swiftish.xcodeproj */,
				E556065E1DEA68F000D9F1F8 /* Shkadov */,
				E55606721DEA68F100D9F1F8 /* ShkadovTests */,
				E556065D1DEA68F000D9F1F8 /* Products */,
			);
			sourceTree = "<group>";
		};
		E556065D1DEA68F000D9F1F8 /* Products */ = {
			isa = PBXGroup;
			children = (
				E556065C1DEA68F000D9F1F8 /* Shkadov.app */,
				E556066F1DEA68F100D9F1F8 /* ShkadovTests.xctest */,
			);
			name = Products;
			sourceTree = "<group>";
		};
		E556065E1DEA68F000D9F1F8 /* Shkadov */ = {
			isa = PBXGroup;
			children = (
				E55606C81DEA76BA00D9F1F8 /* LICENSE */,
				E55606C91DEA76BA00D9F1F8 /* README.md */,
				E55606A91DEA71EB00D9F1F8 /* main.swift */,
				E55606A61DEA71EB00D9F1F8 /* engine */,
				E55606AA1DEA71EB00D9F1F8 /* platform */,
				E55606C31DEA755C00D9F1F8 /* renderer */,
				E55606B41DEA71EB00D9F1F8 /* utility */,
				E556066A1DEA68F100D9F1F8 /* Info.plist */,
			);
			path = Shkadov;
			sourceTree = "<group>";
		};
		E55606721DEA68F100D9F1F8 /* ShkadovTests */ = {
			isa = PBXGroup;
			children = (
				E55606731DEA68F100D9F1F8 /* ShkadovTests.swift */,
				E55606751DEA68F100D9F1F8 /* Info.plist */,
			);
			path = ShkadovTests;
			sourceTree = "<group>";
		};
		E556067F1DEA6F2500D9F1F8 /* Products */ = {
			isa = PBXGroup;
			children = (
				E55606841DEA6F2500D9F1F8 /* FieryCrucible.framework */,
				E55606861DEA6F2500D9F1F8 /* FieryCrucibleTests.xctest */,
			);
			name = Products;
			sourceTree = "<group>";
		};
		E55606881DEA6F2C00D9F1F8 /* Products */ = {
			isa = PBXGroup;
			children = (
				E556068D1DEA6F2C00D9F1F8 /* FranticApparatus.framework */,
				E556068F1DEA6F2C00D9F1F8 /* FranticApparatusTests.xctest */,
			);
			name = Products;
			sourceTree = "<group>";
		};
		E55606911DEA6F3100D9F1F8 /* Products */ = {
			isa = PBXGroup;
			children = (
				E55606961DEA6F3100D9F1F8 /* Lilliput.framework */,
				E55606981DEA6F3100D9F1F8 /* LilliputTests.xctest */,
			);
			name = Products;
			sourceTree = "<group>";
		};
		E556069A1DEA6F3500D9F1F8 /* Products */ = {
			isa = PBXGroup;
			children = (
				E556069F1DEA6F3600D9F1F8 /* Swiftish.framework */,
				E55606A11DEA6F3600D9F1F8 /* SwiftishTests.xctest */,
			);
			name = Products;
			sourceTree = "<group>";
		};
		E55606A61DEA71EB00D9F1F8 /* engine */ = {
			isa = PBXGroup;
			children = (
				E55606ED1DEB607700D9F1F8 /* Bootstrap.swift */,
				E55606A71DEA71EB00D9F1F8 /* Camera.swift */,
				E55606A81DEA71EB00D9F1F8 /* Engine.swift */,
				E55606DF1DEA93E300D9F1F8 /* Game.swift */,
				E55606EF1DEB618900D9F1F8 /* GameFactory.swift */,
				E55606D01DEA7A0000D9F1F8 /* Platform.swift */,
				E556070A1DEB6FC600D9F1F8 /* PlatformDelegate.swift */,
			);
			path = engine;
			sourceTree = "<group>";
		};
		E55606AA1DEA71EB00D9F1F8 /* platform */ = {
			isa = PBXGroup;
			children = (
				E55606F91DEB670300D9F1F8 /* DirectX */,
				E55606D61DEA7B3200D9F1F8 /* Foundation */,
				E55606FE1DEB684400D9F1F8 /* Linux */,
				E55606AD1DEA71EB00D9F1F8 /* MachO */,
				E55606AF1DEA71EB00D9F1F8 /* macOS */,
				E55606C21DEA753600D9F1F8 /* Metal */,
				E55606F31DEB667D00D9F1F8 /* OpenGL */,
				E55606E41DEB3E0100D9F1F8 /* POSIX */,
				E55606E11DEB3DD100D9F1F8 /* Unix */,
				E55606F41DEB667D00D9F1F8 /* Vulkan */,
				E55606FF1DEB684400D9F1F8 /* Windows */,
			);
			path = platform;
			sourceTree = "<group>";
		};
		E55606AD1DEA71EB00D9F1F8 /* MachO */ = {
			isa = PBXGroup;
			children = (
				E55606AE1DEA71EB00D9F1F8 /* MachOTimeSource.swift */,
			);
			path = MachO;
			sourceTree = "<group>";
		};
		E55606AF1DEA71EB00D9F1F8 /* macOS */ = {
			isa = PBXGroup;
			children = (
				E55606F11DEB61F200D9F1F8 /* macOSBootstrap.swift */,
				E55606B01DEA71EB00D9F1F8 /* macOSGameFactory.swift */,
				E55606B11DEA71EB00D9F1F8 /* macOSMouseCursorManager.swift */,
				E55606B21DEA71EB00D9F1F8 /* macOSPlatform.swift */,
				E55607061DEB6B2900D9F1F8 /* macOSRendererFactory.swift */,
				E55606B31DEA71EB00D9F1F8 /* macOSViewController.swift */,
			);
			path = macOS;
			sourceTree = "<group>";
		};
		E55606B41DEA71EB00D9F1F8 /* utility */ = {
			isa = PBXGroup;
			children = (
				E55606DB1DEA7DF500D9F1F8 /* FilePaths.swift */,
				E55606B51DEA71EB00D9F1F8 /* Logger.swift */,
				E55606EB1DEB4CEB00D9F1F8 /* MouseCursorManager.swift */,
				E55607081DEB6F0C00D9F1F8 /* RawConfig.swift */,
				E55606D21DEA7A9900D9F1F8 /* RawConfigReader.swift */,
				E55606D41DEA7ACD00D9F1F8 /* RawConfigWriter.swift */,
				E55606B61DEA71EB00D9F1F8 /* Time.swift */,
			);
			path = utility;
			sourceTree = "<group>";
		};
		E55606C21DEA753600D9F1F8 /* Metal */ = {
			isa = PBXGroup;
			children = (
				E55606C61DEA762B00D9F1F8 /* MetalRenderDevice.swift */,
			);
			path = Metal;
			sourceTree = "<group>";
		};
		E55606C31DEA755C00D9F1F8 /* renderer */ = {
			isa = PBXGroup;
			children = (
				E55606C41DEA757200D9F1F8 /* RenderDevice.swift */,
				E55607041DEB697C00D9F1F8 /* RendererFactory.swift */,
				E55606FC1DEB674500D9F1F8 /* RendererType.swift */,
			);
			path = renderer;
			sourceTree = "<group>";
		};
		E55606D61DEA7B3200D9F1F8 /* Foundation */ = {
			isa = PBXGroup;
			children = (
				E55606E91DEB497B00D9F1F8 /* FoundationApplicationNameProvider.swift */,
				E55606D71DEA7B4200D9F1F8 /* FoundationRawConfigReader.swift */,
				E55606D91DEA7B4E00D9F1F8 /* FoundationRawConfigWriter.swift */,
				E55606DD1DEA7E6100D9F1F8 /* FoundationFilePaths.swift */,
				E55606E71DEB406000D9F1F8 /* FoundationFormattedTimestampProvider.swift */,
			);
			path = Foundation;
			sourceTree = "<group>";
		};
		E55606E11DEB3DD100D9F1F8 /* Unix */ = {
			isa = PBXGroup;
			children = (
				E55606E21DEB3DD100D9F1F8 /* UnixMath.swift */,
			);
			path = Unix;
			sourceTree = "<group>";
		};
		E55606E41DEB3E0100D9F1F8 /* POSIX */ = {
			isa = PBXGroup;
			children = (
				E55606E51DEB3E1500D9F1F8 /* POSIXThreadIDProvider.swift */,
			);
			path = POSIX;
			sourceTree = "<group>";
		};
		E55606F31DEB667D00D9F1F8 /* OpenGL */ = {
			isa = PBXGroup;
			children = (
				E55606F51DEB669800D9F1F8 /* OpenGLRenderDevice.swift */,
			);
			path = OpenGL;
			sourceTree = "<group>";
		};
		E55606F41DEB667D00D9F1F8 /* Vulkan */ = {
			isa = PBXGroup;
			children = (
				E55606F71DEB66AD00D9F1F8 /* VulkanRenderDevice.swift */,
			);
			path = Vulkan;
			sourceTree = "<group>";
		};
		E55606F91DEB670300D9F1F8 /* DirectX */ = {
			isa = PBXGroup;
			children = (
				E55606FA1DEB671600D9F1F8 /* DirectXRenderDevice.swift */,
			);
			path = DirectX;
			sourceTree = "<group>";
		};
		E55606FE1DEB684400D9F1F8 /* Linux */ = {
			isa = PBXGroup;
			children = (
				E55607001DEB686200D9F1F8 /* LinuxPlatform.swift */,
			);
			path = Linux;
			sourceTree = "<group>";
		};
		E55606FF1DEB684400D9F1F8 /* Windows */ = {
			isa = PBXGroup;
			children = (
				E55607021DEB68BA00D9F1F8 /* WindowsPlatform.swift */,
			);
			path = Windows;
			sourceTree = "<group>";
		};
/* End PBXGroup section */

/* Begin PBXNativeTarget section */
		E556065B1DEA68F000D9F1F8 /* Shkadov */ = {
			isa = PBXNativeTarget;
			buildConfigurationList = E55606781DEA68F100D9F1F8 /* Build configuration list for PBXNativeTarget "Shkadov" */;
			buildPhases = (
				E55606581DEA68F000D9F1F8 /* Sources */,
				E55606591DEA68F000D9F1F8 /* Frameworks */,
				E556065A1DEA68F000D9F1F8 /* Resources */,
			);
			buildRules = (
			);
			dependencies = (
			);
			name = Shkadov;
			productName = Shkadov;
			productReference = E556065C1DEA68F000D9F1F8 /* Shkadov.app */;
			productType = "com.apple.product-type.application";
		};
		E556066E1DEA68F100D9F1F8 /* ShkadovTests */ = {
			isa = PBXNativeTarget;
			buildConfigurationList = E556067B1DEA68F100D9F1F8 /* Build configuration list for PBXNativeTarget "ShkadovTests" */;
			buildPhases = (
				E556066B1DEA68F100D9F1F8 /* Sources */,
				E556066C1DEA68F100D9F1F8 /* Frameworks */,
				E556066D1DEA68F100D9F1F8 /* Resources */,
			);
			buildRules = (
			);
			dependencies = (
				E55606711DEA68F100D9F1F8 /* PBXTargetDependency */,
			);
			name = ShkadovTests;
			productName = ShkadovTests;
			productReference = E556066F1DEA68F100D9F1F8 /* ShkadovTests.xctest */;
			productType = "com.apple.product-type.bundle.unit-test";
		};
/* End PBXNativeTarget section */

/* Begin PBXProject section */
		E55606541DEA68F000D9F1F8 /* Project object */ = {
			isa = PBXProject;
			attributes = {
				LastSwiftUpdateCheck = 0810;
				LastUpgradeCheck = 0810;
				ORGANIZATIONNAME = "Justin Kolb";
				TargetAttributes = {
					E556065B1DEA68F000D9F1F8 = {
						CreatedOnToolsVersion = 8.1;
						DevelopmentTeam = 3M27LW784R;
						LastSwiftMigration = 0810;
						ProvisioningStyle = Automatic;
					};
					E556066E1DEA68F100D9F1F8 = {
						CreatedOnToolsVersion = 8.1;
						DevelopmentTeam = 3M27LW784R;
						ProvisioningStyle = Automatic;
						TestTargetID = E556065B1DEA68F000D9F1F8;
					};
				};
			};
			buildConfigurationList = E55606571DEA68F000D9F1F8 /* Build configuration list for PBXProject "Shkadov" */;
			compatibilityVersion = "Xcode 3.2";
			developmentRegion = English;
			hasScannedForEncodings = 0;
			knownRegions = (
				en,
				Base,
			);
			mainGroup = E55606531DEA68F000D9F1F8;
			productRefGroup = E556065D1DEA68F000D9F1F8 /* Products */;
			projectDirPath = "";
			projectReferences = (
				{
					ProductGroup = E556067F1DEA6F2500D9F1F8 /* Products */;
					ProjectRef = E556067E1DEA6F2500D9F1F8 /* FieryCrucible.xcodeproj */;
				},
				{
					ProductGroup = E55606881DEA6F2C00D9F1F8 /* Products */;
					ProjectRef = E55606871DEA6F2C00D9F1F8 /* FranticApparatus.xcodeproj */;
				},
				{
					ProductGroup = E55606911DEA6F3100D9F1F8 /* Products */;
					ProjectRef = E55606901DEA6F3100D9F1F8 /* Lilliput.xcodeproj */;
				},
				{
					ProductGroup = E556069A1DEA6F3500D9F1F8 /* Products */;
					ProjectRef = E55606991DEA6F3500D9F1F8 /* Swiftish.xcodeproj */;
				},
			);
			projectRoot = "";
			targets = (
				E556065B1DEA68F000D9F1F8 /* Shkadov */,
				E556066E1DEA68F100D9F1F8 /* ShkadovTests */,
			);
		};
/* End PBXProject section */

/* Begin PBXReferenceProxy section */
		E55606841DEA6F2500D9F1F8 /* FieryCrucible.framework */ = {
			isa = PBXReferenceProxy;
			fileType = wrapper.framework;
			path = FieryCrucible.framework;
			remoteRef = E55606831DEA6F2500D9F1F8 /* PBXContainerItemProxy */;
			sourceTree = BUILT_PRODUCTS_DIR;
		};
		E55606861DEA6F2500D9F1F8 /* FieryCrucibleTests.xctest */ = {
			isa = PBXReferenceProxy;
			fileType = file;
			path = FieryCrucibleTests.xctest;
			remoteRef = E55606851DEA6F2500D9F1F8 /* PBXContainerItemProxy */;
			sourceTree = BUILT_PRODUCTS_DIR;
		};
		E556068D1DEA6F2C00D9F1F8 /* FranticApparatus.framework */ = {
			isa = PBXReferenceProxy;
			fileType = wrapper.framework;
			path = FranticApparatus.framework;
			remoteRef = E556068C1DEA6F2C00D9F1F8 /* PBXContainerItemProxy */;
			sourceTree = BUILT_PRODUCTS_DIR;
		};
		E556068F1DEA6F2C00D9F1F8 /* FranticApparatusTests.xctest */ = {
			isa = PBXReferenceProxy;
			fileType = wrapper.cfbundle;
			path = FranticApparatusTests.xctest;
			remoteRef = E556068E1DEA6F2C00D9F1F8 /* PBXContainerItemProxy */;
			sourceTree = BUILT_PRODUCTS_DIR;
		};
		E55606961DEA6F3100D9F1F8 /* Lilliput.framework */ = {
			isa = PBXReferenceProxy;
			fileType = wrapper.framework;
			path = Lilliput.framework;
			remoteRef = E55606951DEA6F3100D9F1F8 /* PBXContainerItemProxy */;
			sourceTree = BUILT_PRODUCTS_DIR;
		};
		E55606981DEA6F3100D9F1F8 /* LilliputTests.xctest */ = {
			isa = PBXReferenceProxy;
			fileType = file;
			path = LilliputTests.xctest;
			remoteRef = E55606971DEA6F3100D9F1F8 /* PBXContainerItemProxy */;
			sourceTree = BUILT_PRODUCTS_DIR;
		};
		E556069F1DEA6F3600D9F1F8 /* Swiftish.framework */ = {
			isa = PBXReferenceProxy;
			fileType = wrapper.framework;
			path = Swiftish.framework;
			remoteRef = E556069E1DEA6F3600D9F1F8 /* PBXContainerItemProxy */;
			sourceTree = BUILT_PRODUCTS_DIR;
		};
		E55606A11DEA6F3600D9F1F8 /* SwiftishTests.xctest */ = {
			isa = PBXReferenceProxy;
			fileType = file;
			path = SwiftishTests.xctest;
			remoteRef = E55606A01DEA6F3600D9F1F8 /* PBXContainerItemProxy */;
			sourceTree = BUILT_PRODUCTS_DIR;
		};
/* End PBXReferenceProxy section */

/* Begin PBXResourcesBuildPhase section */
		E556065A1DEA68F000D9F1F8 /* Resources */ = {
			isa = PBXResourcesBuildPhase;
			buildActionMask = 2147483647;
			files = (
			);
			runOnlyForDeploymentPostprocessing = 0;
		};
		E556066D1DEA68F100D9F1F8 /* Resources */ = {
			isa = PBXResourcesBuildPhase;
			buildActionMask = 2147483647;
			files = (
			);
			runOnlyForDeploymentPostprocessing = 0;
		};
/* End PBXResourcesBuildPhase section */

/* Begin PBXSourcesBuildPhase section */
		E55606581DEA68F000D9F1F8 /* Sources */ = {
			isa = PBXSourcesBuildPhase;
			buildActionMask = 2147483647;
			files = (
				E55606D51DEA7ACD00D9F1F8 /* RawConfigWriter.swift in Sources */,
				E55607011DEB686200D9F1F8 /* LinuxPlatform.swift in Sources */,
				E55606D81DEA7B4200D9F1F8 /* FoundationRawConfigReader.swift in Sources */,
				E55607051DEB697C00D9F1F8 /* RendererFactory.swift in Sources */,
				E55606E01DEA93E300D9F1F8 /* Game.swift in Sources */,
				E55606D11DEA7A0000D9F1F8 /* Platform.swift in Sources */,
				E55606BC1DEA71EB00D9F1F8 /* macOSGameFactory.swift in Sources */,
				E55606DA1DEA7B4E00D9F1F8 /* FoundationRawConfigWriter.swift in Sources */,
				E55606D31DEA7A9900D9F1F8 /* RawConfigReader.swift in Sources */,
				E55606EC1DEB4CEB00D9F1F8 /* MouseCursorManager.swift in Sources */,
				E55606DE1DEA7E6100D9F1F8 /* FoundationFilePaths.swift in Sources */,
				E55606C51DEA757200D9F1F8 /* RenderDevice.swift in Sources */,
				E55606F61DEB669800D9F1F8 /* OpenGLRenderDevice.swift in Sources */,
				E55606B71DEA71EB00D9F1F8 /* Camera.swift in Sources */,
				E55606C11DEA71EB00D9F1F8 /* Time.swift in Sources */,
				E55607031DEB68BA00D9F1F8 /* WindowsPlatform.swift in Sources */,
				E55606DC1DEA7DF500D9F1F8 /* FilePaths.swift in Sources */,
				E55606EA1DEB497B00D9F1F8 /* FoundationApplicationNameProvider.swift in Sources */,
				E55606B81DEA71EB00D9F1F8 /* Engine.swift in Sources */,
				E55606B91DEA71EB00D9F1F8 /* main.swift in Sources */,
				E55606E31DEB3DD100D9F1F8 /* UnixMath.swift in Sources */,
				E55606C01DEA71EB00D9F1F8 /* Logger.swift in Sources */,
				E55606E81DEB406000D9F1F8 /* FoundationFormattedTimestampProvider.swift in Sources */,
				E55606EE1DEB607700D9F1F8 /* Bootstrap.swift in Sources */,
				E55606BD1DEA71EB00D9F1F8 /* macOSMouseCursorManager.swift in Sources */,
				E55607071DEB6B2900D9F1F8 /* macOSRendererFactory.swift in Sources */,
				E55606FB1DEB671600D9F1F8 /* DirectXRenderDevice.swift in Sources */,
				E55606F21DEB61F200D9F1F8 /* macOSBootstrap.swift in Sources */,
				E55606BE1DEA71EB00D9F1F8 /* macOSPlatform.swift in Sources */,
				E55607091DEB6F0C00D9F1F8 /* RawConfig.swift in Sources */,
				E55606BB1DEA71EB00D9F1F8 /* MachOTimeSource.swift in Sources */,
				E55606BF1DEA71EB00D9F1F8 /* macOSViewController.swift in Sources */,
				E55606F81DEB66AD00D9F1F8 /* VulkanRenderDevice.swift in Sources */,
				E55606E61DEB3E1500D9F1F8 /* POSIXThreadIDProvider.swift in Sources */,
				E55606FD1DEB674500D9F1F8 /* RendererType.swift in Sources */,
				E55606F01DEB618900D9F1F8 /* GameFactory.swift in Sources */,
				E55606C71DEA762B00D9F1F8 /* MetalRenderDevice.swift in Sources */,
				E556070B1DEB6FC600D9F1F8 /* PlatformDelegate.swift in Sources */,
			);
			runOnlyForDeploymentPostprocessing = 0;
		};
		E556066B1DEA68F100D9F1F8 /* Sources */ = {
			isa = PBXSourcesBuildPhase;
			buildActionMask = 2147483647;
			files = (
				E55606741DEA68F100D9F1F8 /* ShkadovTests.swift in Sources */,
			);
			runOnlyForDeploymentPostprocessing = 0;
		};
/* End PBXSourcesBuildPhase section */

/* Begin PBXTargetDependency section */
		E55606711DEA68F100D9F1F8 /* PBXTargetDependency */ = {
			isa = PBXTargetDependency;
			target = E556065B1DEA68F000D9F1F8 /* Shkadov */;
			targetProxy = E55606701DEA68F100D9F1F8 /* PBXContainerItemProxy */;
		};
/* End PBXTargetDependency section */

/* Begin XCBuildConfiguration section */
		E55606761DEA68F100D9F1F8 /* Debug */ = {
			isa = XCBuildConfiguration;
			buildSettings = {
				ALWAYS_SEARCH_USER_PATHS = NO;
				CLANG_ANALYZER_NONNULL = YES;
				CLANG_CXX_LANGUAGE_STANDARD = "gnu++0x";
				CLANG_CXX_LIBRARY = "libc++";
				CLANG_ENABLE_MODULES = YES;
				CLANG_ENABLE_OBJC_ARC = YES;
				CLANG_WARN_BOOL_CONVERSION = YES;
				CLANG_WARN_CONSTANT_CONVERSION = YES;
				CLANG_WARN_DIRECT_OBJC_ISA_USAGE = YES_ERROR;
				CLANG_WARN_DOCUMENTATION_COMMENTS = YES;
				CLANG_WARN_EMPTY_BODY = YES;
				CLANG_WARN_ENUM_CONVERSION = YES;
				CLANG_WARN_INFINITE_RECURSION = YES;
				CLANG_WARN_INT_CONVERSION = YES;
				CLANG_WARN_OBJC_ROOT_CLASS = YES_ERROR;
				CLANG_WARN_SUSPICIOUS_MOVES = YES;
				CLANG_WARN_UNREACHABLE_CODE = YES;
				CLANG_WARN__DUPLICATE_METHOD_MATCH = YES;
				CODE_SIGN_IDENTITY = "-";
				COPY_PHASE_STRIP = NO;
				DEBUG_INFORMATION_FORMAT = dwarf;
				ENABLE_STRICT_OBJC_MSGSEND = YES;
				ENABLE_TESTABILITY = YES;
				GCC_C_LANGUAGE_STANDARD = gnu99;
				GCC_DYNAMIC_NO_PIC = NO;
				GCC_NO_COMMON_BLOCKS = YES;
				GCC_OPTIMIZATION_LEVEL = 0;
				GCC_PREPROCESSOR_DEFINITIONS = (
					"DEBUG=1",
					"$(inherited)",
				);
				GCC_WARN_64_TO_32_BIT_CONVERSION = YES;
				GCC_WARN_ABOUT_RETURN_TYPE = YES_ERROR;
				GCC_WARN_UNDECLARED_SELECTOR = YES;
				GCC_WARN_UNINITIALIZED_AUTOS = YES_AGGRESSIVE;
				GCC_WARN_UNUSED_FUNCTION = YES;
				GCC_WARN_UNUSED_VARIABLE = YES;
				MACOSX_DEPLOYMENT_TARGET = 10.12;
				MTL_ENABLE_DEBUG_INFO = YES;
				ONLY_ACTIVE_ARCH = YES;
				SDKROOT = macosx;
				SWIFT_ACTIVE_COMPILATION_CONDITIONS = DEBUG;
				SWIFT_OPTIMIZATION_LEVEL = "-Onone";
			};
			name = Debug;
		};
		E55606771DEA68F100D9F1F8 /* Release */ = {
			isa = XCBuildConfiguration;
			buildSettings = {
				ALWAYS_SEARCH_USER_PATHS = NO;
				CLANG_ANALYZER_NONNULL = YES;
				CLANG_CXX_LANGUAGE_STANDARD = "gnu++0x";
				CLANG_CXX_LIBRARY = "libc++";
				CLANG_ENABLE_MODULES = YES;
				CLANG_ENABLE_OBJC_ARC = YES;
				CLANG_WARN_BOOL_CONVERSION = YES;
				CLANG_WARN_CONSTANT_CONVERSION = YES;
				CLANG_WARN_DIRECT_OBJC_ISA_USAGE = YES_ERROR;
				CLANG_WARN_DOCUMENTATION_COMMENTS = YES;
				CLANG_WARN_EMPTY_BODY = YES;
				CLANG_WARN_ENUM_CONVERSION = YES;
				CLANG_WARN_INFINITE_RECURSION = YES;
				CLANG_WARN_INT_CONVERSION = YES;
				CLANG_WARN_OBJC_ROOT_CLASS = YES_ERROR;
				CLANG_WARN_SUSPICIOUS_MOVES = YES;
				CLANG_WARN_UNREACHABLE_CODE = YES;
				CLANG_WARN__DUPLICATE_METHOD_MATCH = YES;
				CODE_SIGN_IDENTITY = "-";
				COPY_PHASE_STRIP = NO;
				DEBUG_INFORMATION_FORMAT = "dwarf-with-dsym";
				ENABLE_NS_ASSERTIONS = NO;
				ENABLE_STRICT_OBJC_MSGSEND = YES;
				GCC_C_LANGUAGE_STANDARD = gnu99;
				GCC_NO_COMMON_BLOCKS = YES;
				GCC_WARN_64_TO_32_BIT_CONVERSION = YES;
				GCC_WARN_ABOUT_RETURN_TYPE = YES_ERROR;
				GCC_WARN_UNDECLARED_SELECTOR = YES;
				GCC_WARN_UNINITIALIZED_AUTOS = YES_AGGRESSIVE;
				GCC_WARN_UNUSED_FUNCTION = YES;
				GCC_WARN_UNUSED_VARIABLE = YES;
				MACOSX_DEPLOYMENT_TARGET = 10.12;
				MTL_ENABLE_DEBUG_INFO = NO;
				SDKROOT = macosx;
				SWIFT_OPTIMIZATION_LEVEL = "-Owholemodule";
			};
			name = Release;
		};
		E55606791DEA68F100D9F1F8 /* Debug */ = {
			isa = XCBuildConfiguration;
			buildSettings = {
				ASSETCATALOG_COMPILER_APPICON_NAME = AppIcon;
				CLANG_ENABLE_MODULES = YES;
				COMBINE_HIDPI_IMAGES = YES;
				DEVELOPMENT_TEAM = 3M27LW784R;
				INFOPLIST_FILE = Shkadov/Info.plist;
				LD_RUNPATH_SEARCH_PATHS = "$(inherited) @executable_path/../Frameworks";
				PRODUCT_BUNDLE_IDENTIFIER = com.franticapparatus.Shkadov;
				PRODUCT_NAME = "$(TARGET_NAME)";
				SWIFT_OPTIMIZATION_LEVEL = "-Onone";
				SWIFT_VERSION = 3.0;
			};
			name = Debug;
		};
		E556067A1DEA68F100D9F1F8 /* Release */ = {
			isa = XCBuildConfiguration;
			buildSettings = {
				ASSETCATALOG_COMPILER_APPICON_NAME = AppIcon;
				CLANG_ENABLE_MODULES = YES;
				COMBINE_HIDPI_IMAGES = YES;
				DEVELOPMENT_TEAM = 3M27LW784R;
				INFOPLIST_FILE = Shkadov/Info.plist;
				LD_RUNPATH_SEARCH_PATHS = "$(inherited) @executable_path/../Frameworks";
				PRODUCT_BUNDLE_IDENTIFIER = com.franticapparatus.Shkadov;
				PRODUCT_NAME = "$(TARGET_NAME)";
				SWIFT_VERSION = 3.0;
			};
			name = Release;
		};
		E556067C1DEA68F100D9F1F8 /* Debug */ = {
			isa = XCBuildConfiguration;
			buildSettings = {
				ALWAYS_EMBED_SWIFT_STANDARD_LIBRARIES = YES;
				BUNDLE_LOADER = "$(TEST_HOST)";
				COMBINE_HIDPI_IMAGES = YES;
				DEVELOPMENT_TEAM = 3M27LW784R;
				INFOPLIST_FILE = ShkadovTests/Info.plist;
				LD_RUNPATH_SEARCH_PATHS = "$(inherited) @executable_path/../Frameworks @loader_path/../Frameworks";
				PRODUCT_BUNDLE_IDENTIFIER = com.franticapparatus.ShkadovTests;
				PRODUCT_NAME = "$(TARGET_NAME)";
				SWIFT_VERSION = 3.0;
				TEST_HOST = "$(BUILT_PRODUCTS_DIR)/Shkadov.app/Contents/MacOS/Shkadov";
			};
			name = Debug;
		};
		E556067D1DEA68F100D9F1F8 /* Release */ = {
			isa = XCBuildConfiguration;
			buildSettings = {
				ALWAYS_EMBED_SWIFT_STANDARD_LIBRARIES = YES;
				BUNDLE_LOADER = "$(TEST_HOST)";
				COMBINE_HIDPI_IMAGES = YES;
				DEVELOPMENT_TEAM = 3M27LW784R;
				INFOPLIST_FILE = ShkadovTests/Info.plist;
				LD_RUNPATH_SEARCH_PATHS = "$(inherited) @executable_path/../Frameworks @loader_path/../Frameworks";
				PRODUCT_BUNDLE_IDENTIFIER = com.franticapparatus.ShkadovTests;
				PRODUCT_NAME = "$(TARGET_NAME)";
				SWIFT_VERSION = 3.0;
				TEST_HOST = "$(BUILT_PRODUCTS_DIR)/Shkadov.app/Contents/MacOS/Shkadov";
			};
			name = Release;
		};
/* End XCBuildConfiguration section */

/* Begin XCConfigurationList section */
		E55606571DEA68F000D9F1F8 /* Build configuration list for PBXProject "Shkadov" */ = {
			isa = XCConfigurationList;
			buildConfigurations = (
				E55606761DEA68F100D9F1F8 /* Debug */,
				E55606771DEA68F100D9F1F8 /* Release */,
			);
			defaultConfigurationIsVisible = 0;
			defaultConfigurationName = Release;
		};
		E55606781DEA68F100D9F1F8 /* Build configuration list for PBXNativeTarget "Shkadov" */ = {
			isa = XCConfigurationList;
			buildConfigurations = (
				E55606791DEA68F100D9F1F8 /* Debug */,
				E556067A1DEA68F100D9F1F8 /* Release */,
			);
			defaultConfigurationIsVisible = 0;
		};
		E556067B1DEA68F100D9F1F8 /* Build configuration list for PBXNativeTarget "ShkadovTests" */ = {
			isa = XCConfigurationList;
			buildConfigurations = (
				E556067C1DEA68F100D9F1F8 /* Debug */,
				E556067D1DEA68F100D9F1F8 /* Release */,
			);
			defaultConfigurationIsVisible = 0;
		};
/* End XCConfigurationList section */
	};
	rootObject = E55606541DEA68F000D9F1F8 /* Project object */;
}
