// !$*UTF8*$!
{
	archiveVersion = 1;
	classes = {
	};
	objectVersion = 46;
	objects = {

/* Begin PBXBuildFile section */
		09C3F4971BA26C410025FFE4 /* RTTI.swift in Sources */ = {isa = PBXBuildFile; fileRef = 09C3F4961BA26C410025FFE4 /* RTTI.swift */; };
		09F609501B9C45D3003B4A5B /* RawInput.swift in Sources */ = {isa = PBXBuildFile; fileRef = 09F6094F1B9C45D3003B4A5B /* RawInput.swift */; };
		09F609521B9C4865003B4A5B /* InputContext.swift in Sources */ = {isa = PBXBuildFile; fileRef = 09F609511B9C4865003B4A5B /* InputContext.swift */; };
		09F609541B9C53F3003B4A5B /* PlayerComponent.swift in Sources */ = {isa = PBXBuildFile; fileRef = 09F609531B9C53F3003B4A5B /* PlayerComponent.swift */; };
		09F609561B9C546C003B4A5B /* InventoryComponent.swift in Sources */ = {isa = PBXBuildFile; fileRef = 09F609551B9C546C003B4A5B /* InventoryComponent.swift */; };
		09F609591B9C54F0003B4A5B /* HoldableItem.swift in Sources */ = {isa = PBXBuildFile; fileRef = 09F609581B9C54F0003B4A5B /* HoldableItem.swift */; };
		09F6095B1B9C556E003B4A5B /* WearableItem.swift in Sources */ = {isa = PBXBuildFile; fileRef = 09F6095A1B9C556E003B4A5B /* WearableItem.swift */; };
		09F6095D1B9C565B003B4A5B /* Item.swift in Sources */ = {isa = PBXBuildFile; fileRef = 09F6095C1B9C565B003B4A5B /* Item.swift */; };
		E535C8BB1B90608C0048321F /* Component.swift in Sources */ = {isa = PBXBuildFile; fileRef = E535C8BA1B90608C0048321F /* Component.swift */; };
		E535C8BD1B9155C70048321F /* Entity.swift in Sources */ = {isa = PBXBuildFile; fileRef = E535C8BC1B9155C70048321F /* Entity.swift */; };
		E535C8C11B9158920048321F /* Handle.swift in Sources */ = {isa = PBXBuildFile; fileRef = E535C8C01B9158920048321F /* Handle.swift */; };
		E535C8C31B9161B10048321F /* OrientationComponent.swift in Sources */ = {isa = PBXBuildFile; fileRef = E535C8C21B9161B10048321F /* OrientationComponent.swift */; };
		E535C8C51B91E8F80048321F /* ProjectionComponent.swift in Sources */ = {isa = PBXBuildFile; fileRef = E535C8C41B91E8F80048321F /* ProjectionComponent.swift */; };
		E535C8D31B923C510048321F /* EntityComponents.swift in Sources */ = {isa = PBXBuildFile; fileRef = E535C8D21B923C510048321F /* EntityComponents.swift */; };
		E535C8D51B93586B0048321F /* Kind.swift in Sources */ = {isa = PBXBuildFile; fileRef = E535C8D41B93586B0048321F /* Kind.swift */; };
		E535C8D71B9385E70048321F /* TestCubeSystem.swift in Sources */ = {isa = PBXBuildFile; fileRef = E535C8D61B9385E70048321F /* TestCubeSystem.swift */; };
		E535C8DA1B93A7490048321F /* RenderComponent.swift in Sources */ = {isa = PBXBuildFile; fileRef = E535C8D91B93A7490048321F /* RenderComponent.swift */; };
		E535C8DC1B93A8620048321F /* RenderSystem.swift in Sources */ = {isa = PBXBuildFile; fileRef = E535C8DB1B93A8620048321F /* RenderSystem.swift */; };
		E581CF741B892C6900D7174F /* Assets.xcassets in Resources */ = {isa = PBXBuildFile; fileRef = E581CF731B892C6900D7174F /* Assets.xcassets */; };
		E581CF821B892C6900D7174F /* ShkadovTests.swift in Sources */ = {isa = PBXBuildFile; fileRef = E581CF811B892C6900D7174F /* ShkadovTests.swift */; };
		E581CFA01B892C9F00D7174F /* DispatchQueue.swift in Sources */ = {isa = PBXBuildFile; fileRef = E581CF8D1B892C9F00D7174F /* DispatchQueue.swift */; };
		E581CFA11B892C9F00D7174F /* DispatchSource.swift in Sources */ = {isa = PBXBuildFile; fileRef = E581CF8E1B892C9F00D7174F /* DispatchSource.swift */; };
		E581CFA21B892C9F00D7174F /* Engine.swift in Sources */ = {isa = PBXBuildFile; fileRef = E581CF8F1B892C9F00D7174F /* Engine.swift */; };
		E581CFA41B892C9F00D7174F /* ContentView.swift in Sources */ = {isa = PBXBuildFile; fileRef = E581CF911B892C9F00D7174F /* ContentView.swift */; };
		E581CFA61B892C9F00D7174F /* main.swift in Sources */ = {isa = PBXBuildFile; fileRef = E581CF931B892C9F00D7174F /* main.swift */; };
		E581CFA71B892C9F00D7174F /* Matrix.swift in Sources */ = {isa = PBXBuildFile; fileRef = E581CF941B892C9F00D7174F /* Matrix.swift */; };
		E581CFA91B892C9F00D7174F /* OpenGL.swift in Sources */ = {isa = PBXBuildFile; fileRef = E581CF961B892C9F00D7174F /* OpenGL.swift */; };
		E581CFAA1B892C9F00D7174F /* OpenGLRenderer.swift in Sources */ = {isa = PBXBuildFile; fileRef = E581CF971B892C9F00D7174F /* OpenGLRenderer.swift */; };
		E581CFAB1B892C9F00D7174F /* Renderer.swift in Sources */ = {isa = PBXBuildFile; fileRef = E581CF981B892C9F00D7174F /* Renderer.swift */; };
		E581CFAD1B892C9F00D7174F /* RenderState.swift in Sources */ = {isa = PBXBuildFile; fileRef = E581CF9A1B892C9F00D7174F /* RenderState.swift */; };
		E581CFAE1B892C9F00D7174F /* Shader.fsh in Resources */ = {isa = PBXBuildFile; fileRef = E581CF9B1B892C9F00D7174F /* Shader.fsh */; };
		E581CFAF1B892C9F00D7174F /* Shader.vsh in Resources */ = {isa = PBXBuildFile; fileRef = E581CF9C1B892C9F00D7174F /* Shader.vsh */; };
		E581CFB01B892C9F00D7174F /* Timer.swift in Sources */ = {isa = PBXBuildFile; fileRef = E581CF9D1B892C9F00D7174F /* Timer.swift */; };
		E581CFB81B893D7400D7174F /* Event.swift in Sources */ = {isa = PBXBuildFile; fileRef = E581CFB71B893D7400D7174F /* Event.swift */; };
		E581CFBA1B894E6400D7174F /* PlatformOSX.swift in Sources */ = {isa = PBXBuildFile; fileRef = E581CFB91B894E6400D7174F /* PlatformOSX.swift */; };
		E592A5B71B8A116F0032D982 /* RawInputEventBuffer.swift in Sources */ = {isa = PBXBuildFile; fileRef = E592A5B61B8A116F0032D982 /* RawInputEventBuffer.swift */; };
		E592A5B91B8A4EA60032D982 /* TIme.swift in Sources */ = {isa = PBXBuildFile; fileRef = E592A5B81B8A4EA60032D982 /* TIme.swift */; };
		E592A5BB1B8A4EFA0032D982 /* Geometry.swift in Sources */ = {isa = PBXBuildFile; fileRef = E592A5BA1B8A4EFA0032D982 /* Geometry.swift */; };
		E592A5BD1B8A64D20032D982 /* Platform.swift in Sources */ = {isa = PBXBuildFile; fileRef = E592A5BC1B8A64D20032D982 /* Platform.swift */; };
		E592A5BF1B8A9E240032D982 /* Vector.swift in Sources */ = {isa = PBXBuildFile; fileRef = E592A5BE1B8A9E240032D982 /* Vector.swift */; };
		E592A5C11B8AAC220032D982 /* Synchronizable.swift in Sources */ = {isa = PBXBuildFile; fileRef = E592A5C01B8AAC220032D982 /* Synchronizable.swift */; };
		E59C5F091B9E7BA0003422FB /* OpenGLContext.swift in Sources */ = {isa = PBXBuildFile; fileRef = E59C5F081B9E7BA0003422FB /* OpenGLContext.swift */; };
		E59C5F0B1B9E7BF8003422FB /* PlatformOSX+NSApplicationDelegate.swift in Sources */ = {isa = PBXBuildFile; fileRef = E59C5F0A1B9E7BF8003422FB /* PlatformOSX+NSApplicationDelegate.swift */; };
		E59C5F0D1B9E7C63003422FB /* PlatformOSX+NSWindowDelegate.swift in Sources */ = {isa = PBXBuildFile; fileRef = E59C5F0C1B9E7C63003422FB /* PlatformOSX+NSWindowDelegate.swift */; };
		E59C5F0F1B9E7D2E003422FB /* Geometry+CoreGraphics.swift in Sources */ = {isa = PBXBuildFile; fileRef = E59C5F0E1B9E7D2E003422FB /* Geometry+CoreGraphics.swift */; };
		E59C5F111B9E7D81003422FB /* PlatformOSX+OpenGLContext.swift in Sources */ = {isa = PBXBuildFile; fileRef = E59C5F101B9E7D81003422FB /* PlatformOSX+OpenGLContext.swift */; };
		E59C5F131B9E7DF4003422FB /* PlatformOSX+Platform.swift in Sources */ = {isa = PBXBuildFile; fileRef = E59C5F121B9E7DF4003422FB /* PlatformOSX+Platform.swift */; };
		E59C5F151B9E7F0C003422FB /* PlatformOSX+CoordinateSystem.swift in Sources */ = {isa = PBXBuildFile; fileRef = E59C5F141B9E7F0C003422FB /* PlatformOSX+CoordinateSystem.swift */; };
		E59C5F171B9E7F83003422FB /* PlatformOSX+NSUserDefaults.swift in Sources */ = {isa = PBXBuildFile; fileRef = E59C5F161B9E7F83003422FB /* PlatformOSX+NSUserDefaults.swift */; };
		E5AC4E291BA5B13A00134995 /* TerrainSystem.swift in Sources */ = {isa = PBXBuildFile; fileRef = E5AC4E281BA5B13A00134995 /* TerrainSystem.swift */; };
		E5AC4E2B1BA5C5E500134995 /* Assets in Resources */ = {isa = PBXBuildFile; fileRef = E5AC4E2A1BA5C5E500134995 /* Assets */; };
		E5AC4E2D1BA5C6A200134995 /* AssetLoader.swift in Sources */ = {isa = PBXBuildFile; fileRef = E5AC4E2C1BA5C6A200134995 /* AssetLoader.swift */; };
		E5AC4E2F1BA5C6EB00134995 /* PlatformOSX+AssetLoader.swift in Sources */ = {isa = PBXBuildFile; fileRef = E5AC4E2E1BA5C6EB00134995 /* PlatformOSX+AssetLoader.swift */; };
		E5AC4E311BA5C74A00134995 /* TextureData.swift in Sources */ = {isa = PBXBuildFile; fileRef = E5AC4E301BA5C74A00134995 /* TextureData.swift */; };
		E5AC4E331BA5C77A00134995 /* TextureFormat.swift in Sources */ = {isa = PBXBuildFile; fileRef = E5AC4E321BA5C77A00134995 /* TextureFormat.swift */; };
		E5AC4E351BA5CAB900134995 /* PixelSize.swift in Sources */ = {isa = PBXBuildFile; fileRef = E5AC4E341BA5CAB900134995 /* PixelSize.swift */; };
		E5C54E2F1B954E58003F5AEB /* PlayerMovementSystem.swift in Sources */ = {isa = PBXBuildFile; fileRef = E5C54E2E1B954E58003F5AEB /* PlayerMovementSystem.swift */; };
		E5CA680E1B9FC695002B065E /* Polygon.swift in Sources */ = {isa = PBXBuildFile; fileRef = E5CA680D1B9FC695002B065E /* Polygon.swift */; };
		E5CA68101B9FC8D0002B065E /* Mesh.swift in Sources */ = {isa = PBXBuildFile; fileRef = E5CA680F1B9FC8D0002B065E /* Mesh.swift */; };
		E5CA68141B9FCBA4002B065E /* Color.swift in Sources */ = {isa = PBXBuildFile; fileRef = E5CA68131B9FCBA4002B065E /* Color.swift */; };
		E5CA68161B9FDF40002B065E /* VertexDescriptor.swift in Sources */ = {isa = PBXBuildFile; fileRef = E5CA68151B9FDF40002B065E /* VertexDescriptor.swift */; };
		E5E8B23F1BA4606D004E9485 /* VertexAttribute.swift in Sources */ = {isa = PBXBuildFile; fileRef = E5E8B23E1BA4606D004E9485 /* VertexAttribute.swift */; };
		E5E8B2411BA460A1004E9485 /* VertexAttributeFormat.swift in Sources */ = {isa = PBXBuildFile; fileRef = E5E8B2401BA460A1004E9485 /* VertexAttributeFormat.swift */; };
		E5E8B2431BA47D33004E9485 /* Material.swift in Sources */ = {isa = PBXBuildFile; fileRef = E5E8B2421BA47D33004E9485 /* Material.swift */; };
		E5E8B2451BA48112004E9485 /* Vertex.swift in Sources */ = {isa = PBXBuildFile; fileRef = E5E8B2441BA48112004E9485 /* Vertex.swift */; };
		E5E8B2471BA48915004E9485 /* ByteBuffer.swift in Sources */ = {isa = PBXBuildFile; fileRef = E5E8B2461BA48915004E9485 /* ByteBuffer.swift */; };
		E5E8B2831BA4CFC0004E9485 /* RenderableTriangle.swift in Sources */ = {isa = PBXBuildFile; fileRef = E5E8B2821BA4CFC0004E9485 /* RenderableTriangle.swift */; };
		E5FF1A6A1B8C02BF009B2AC6 /* Logic.swift in Sources */ = {isa = PBXBuildFile; fileRef = E5FF1A691B8C02BF009B2AC6 /* Logic.swift */; };
/* End PBXBuildFile section */

/* Begin PBXContainerItemProxy section */
		E581CF7E1B892C6900D7174F /* PBXContainerItemProxy */ = {
			isa = PBXContainerItemProxy;
			containerPortal = E581CF661B892C6900D7174F /* Project object */;
			proxyType = 1;
			remoteGlobalIDString = E581CF6D1B892C6900D7174F;
			remoteInfo = Shkadov;
		};
/* End PBXContainerItemProxy section */

/* Begin PBXFileReference section */
		09C3F4961BA26C410025FFE4 /* RTTI.swift */ = {isa = PBXFileReference; fileEncoding = 4; lastKnownFileType = sourcecode.swift; path = RTTI.swift; sourceTree = "<group>"; };
		09F6094F1B9C45D3003B4A5B /* RawInput.swift */ = {isa = PBXFileReference; fileEncoding = 4; lastKnownFileType = sourcecode.swift; path = RawInput.swift; sourceTree = "<group>"; };
		09F609511B9C4865003B4A5B /* InputContext.swift */ = {isa = PBXFileReference; fileEncoding = 4; lastKnownFileType = sourcecode.swift; path = InputContext.swift; sourceTree = "<group>"; };
		09F609531B9C53F3003B4A5B /* PlayerComponent.swift */ = {isa = PBXFileReference; fileEncoding = 4; lastKnownFileType = sourcecode.swift; path = PlayerComponent.swift; sourceTree = "<group>"; };
		09F609551B9C546C003B4A5B /* InventoryComponent.swift */ = {isa = PBXFileReference; fileEncoding = 4; lastKnownFileType = sourcecode.swift; path = InventoryComponent.swift; sourceTree = "<group>"; };
		09F609581B9C54F0003B4A5B /* HoldableItem.swift */ = {isa = PBXFileReference; fileEncoding = 4; lastKnownFileType = sourcecode.swift; path = HoldableItem.swift; sourceTree = "<group>"; };
		09F6095A1B9C556E003B4A5B /* WearableItem.swift */ = {isa = PBXFileReference; fileEncoding = 4; lastKnownFileType = sourcecode.swift; path = WearableItem.swift; sourceTree = "<group>"; };
		09F6095C1B9C565B003B4A5B /* Item.swift */ = {isa = PBXFileReference; fileEncoding = 4; lastKnownFileType = sourcecode.swift; path = Item.swift; sourceTree = "<group>"; };
		E535C8BA1B90608C0048321F /* Component.swift */ = {isa = PBXFileReference; fileEncoding = 4; lastKnownFileType = sourcecode.swift; path = Component.swift; sourceTree = "<group>"; };
		E535C8BC1B9155C70048321F /* Entity.swift */ = {isa = PBXFileReference; fileEncoding = 4; lastKnownFileType = sourcecode.swift; path = Entity.swift; sourceTree = "<group>"; };
		E535C8C01B9158920048321F /* Handle.swift */ = {isa = PBXFileReference; fileEncoding = 4; lastKnownFileType = sourcecode.swift; path = Handle.swift; sourceTree = "<group>"; };
		E535C8C21B9161B10048321F /* OrientationComponent.swift */ = {isa = PBXFileReference; fileEncoding = 4; lastKnownFileType = sourcecode.swift; path = OrientationComponent.swift; sourceTree = "<group>"; };
		E535C8C41B91E8F80048321F /* ProjectionComponent.swift */ = {isa = PBXFileReference; fileEncoding = 4; lastKnownFileType = sourcecode.swift; path = ProjectionComponent.swift; sourceTree = "<group>"; };
		E535C8D21B923C510048321F /* EntityComponents.swift */ = {isa = PBXFileReference; fileEncoding = 4; lastKnownFileType = sourcecode.swift; path = EntityComponents.swift; sourceTree = "<group>"; };
		E535C8D41B93586B0048321F /* Kind.swift */ = {isa = PBXFileReference; fileEncoding = 4; lastKnownFileType = sourcecode.swift; path = Kind.swift; sourceTree = "<group>"; };
		E535C8D61B9385E70048321F /* TestCubeSystem.swift */ = {isa = PBXFileReference; fileEncoding = 4; lastKnownFileType = sourcecode.swift; path = TestCubeSystem.swift; sourceTree = "<group>"; };
		E535C8D91B93A7490048321F /* RenderComponent.swift */ = {isa = PBXFileReference; fileEncoding = 4; lastKnownFileType = sourcecode.swift; path = RenderComponent.swift; sourceTree = "<group>"; };
		E535C8DB1B93A8620048321F /* RenderSystem.swift */ = {isa = PBXFileReference; fileEncoding = 4; lastKnownFileType = sourcecode.swift; path = RenderSystem.swift; sourceTree = "<group>"; };
		E581CF6E1B892C6900D7174F /* Shkadov.app */ = {isa = PBXFileReference; explicitFileType = wrapper.application; includeInIndex = 0; path = Shkadov.app; sourceTree = BUILT_PRODUCTS_DIR; };
		E581CF731B892C6900D7174F /* Assets.xcassets */ = {isa = PBXFileReference; lastKnownFileType = folder.assetcatalog; path = Assets.xcassets; sourceTree = "<group>"; };
		E581CF781B892C6900D7174F /* Info.plist */ = {isa = PBXFileReference; lastKnownFileType = text.plist.xml; path = Info.plist; sourceTree = "<group>"; };
		E581CF7D1B892C6900D7174F /* ShkadovTests.xctest */ = {isa = PBXFileReference; explicitFileType = wrapper.cfbundle; includeInIndex = 0; path = ShkadovTests.xctest; sourceTree = BUILT_PRODUCTS_DIR; };
		E581CF811B892C6900D7174F /* ShkadovTests.swift */ = {isa = PBXFileReference; lastKnownFileType = sourcecode.swift; path = ShkadovTests.swift; sourceTree = "<group>"; };
		E581CF831B892C6900D7174F /* Info.plist */ = {isa = PBXFileReference; lastKnownFileType = text.plist.xml; path = Info.plist; sourceTree = "<group>"; };
		E581CF8D1B892C9F00D7174F /* DispatchQueue.swift */ = {isa = PBXFileReference; fileEncoding = 4; lastKnownFileType = sourcecode.swift; path = DispatchQueue.swift; sourceTree = "<group>"; };
		E581CF8E1B892C9F00D7174F /* DispatchSource.swift */ = {isa = PBXFileReference; fileEncoding = 4; lastKnownFileType = sourcecode.swift; path = DispatchSource.swift; sourceTree = "<group>"; };
		E581CF8F1B892C9F00D7174F /* Engine.swift */ = {isa = PBXFileReference; fileEncoding = 4; lastKnownFileType = sourcecode.swift; path = Engine.swift; sourceTree = "<group>"; };
		E581CF911B892C9F00D7174F /* ContentView.swift */ = {isa = PBXFileReference; fileEncoding = 4; lastKnownFileType = sourcecode.swift; path = ContentView.swift; sourceTree = "<group>"; };
		E581CF931B892C9F00D7174F /* main.swift */ = {isa = PBXFileReference; fileEncoding = 4; lastKnownFileType = sourcecode.swift; path = main.swift; sourceTree = "<group>"; };
		E581CF941B892C9F00D7174F /* Matrix.swift */ = {isa = PBXFileReference; fileEncoding = 4; lastKnownFileType = sourcecode.swift; path = Matrix.swift; sourceTree = "<group>"; };
		E581CF961B892C9F00D7174F /* OpenGL.swift */ = {isa = PBXFileReference; fileEncoding = 4; lastKnownFileType = sourcecode.swift; path = OpenGL.swift; sourceTree = "<group>"; };
		E581CF971B892C9F00D7174F /* OpenGLRenderer.swift */ = {isa = PBXFileReference; fileEncoding = 4; lastKnownFileType = sourcecode.swift; path = OpenGLRenderer.swift; sourceTree = "<group>"; };
		E581CF981B892C9F00D7174F /* Renderer.swift */ = {isa = PBXFileReference; fileEncoding = 4; lastKnownFileType = sourcecode.swift; path = Renderer.swift; sourceTree = "<group>"; };
		E581CF9A1B892C9F00D7174F /* RenderState.swift */ = {isa = PBXFileReference; fileEncoding = 4; lastKnownFileType = sourcecode.swift; path = RenderState.swift; sourceTree = "<group>"; };
		E581CF9B1B892C9F00D7174F /* Shader.fsh */ = {isa = PBXFileReference; fileEncoding = 4; lastKnownFileType = sourcecode.glsl; path = Shader.fsh; sourceTree = "<group>"; };
		E581CF9C1B892C9F00D7174F /* Shader.vsh */ = {isa = PBXFileReference; fileEncoding = 4; lastKnownFileType = sourcecode.glsl; path = Shader.vsh; sourceTree = "<group>"; };
		E581CF9D1B892C9F00D7174F /* Timer.swift */ = {isa = PBXFileReference; fileEncoding = 4; lastKnownFileType = sourcecode.swift; path = Timer.swift; sourceTree = "<group>"; };
		E581CFB71B893D7400D7174F /* Event.swift */ = {isa = PBXFileReference; fileEncoding = 4; lastKnownFileType = sourcecode.swift; path = Event.swift; sourceTree = "<group>"; };
		E581CFB91B894E6400D7174F /* PlatformOSX.swift */ = {isa = PBXFileReference; fileEncoding = 4; lastKnownFileType = sourcecode.swift; path = PlatformOSX.swift; sourceTree = "<group>"; };
		E592A5B61B8A116F0032D982 /* RawInputEventBuffer.swift */ = {isa = PBXFileReference; fileEncoding = 4; lastKnownFileType = sourcecode.swift; path = RawInputEventBuffer.swift; sourceTree = "<group>"; };
		E592A5B81B8A4EA60032D982 /* TIme.swift */ = {isa = PBXFileReference; fileEncoding = 4; lastKnownFileType = sourcecode.swift; path = TIme.swift; sourceTree = "<group>"; };
		E592A5BA1B8A4EFA0032D982 /* Geometry.swift */ = {isa = PBXFileReference; fileEncoding = 4; lastKnownFileType = sourcecode.swift; path = Geometry.swift; sourceTree = "<group>"; };
		E592A5BC1B8A64D20032D982 /* Platform.swift */ = {isa = PBXFileReference; fileEncoding = 4; lastKnownFileType = sourcecode.swift; path = Platform.swift; sourceTree = "<group>"; };
		E592A5BE1B8A9E240032D982 /* Vector.swift */ = {isa = PBXFileReference; fileEncoding = 4; lastKnownFileType = sourcecode.swift; path = Vector.swift; sourceTree = "<group>"; };
		E592A5C01B8AAC220032D982 /* Synchronizable.swift */ = {isa = PBXFileReference; fileEncoding = 4; lastKnownFileType = sourcecode.swift; path = Synchronizable.swift; sourceTree = "<group>"; };
		E59C5F081B9E7BA0003422FB /* OpenGLContext.swift */ = {isa = PBXFileReference; fileEncoding = 4; lastKnownFileType = sourcecode.swift; path = OpenGLContext.swift; sourceTree = "<group>"; };
		E59C5F0A1B9E7BF8003422FB /* PlatformOSX+NSApplicationDelegate.swift */ = {isa = PBXFileReference; fileEncoding = 4; lastKnownFileType = sourcecode.swift; path = "PlatformOSX+NSApplicationDelegate.swift"; sourceTree = "<group>"; };
		E59C5F0C1B9E7C63003422FB /* PlatformOSX+NSWindowDelegate.swift */ = {isa = PBXFileReference; fileEncoding = 4; lastKnownFileType = sourcecode.swift; path = "PlatformOSX+NSWindowDelegate.swift"; sourceTree = "<group>"; };
		E59C5F0E1B9E7D2E003422FB /* Geometry+CoreGraphics.swift */ = {isa = PBXFileReference; fileEncoding = 4; lastKnownFileType = sourcecode.swift; path = "Geometry+CoreGraphics.swift"; sourceTree = "<group>"; };
		E59C5F101B9E7D81003422FB /* PlatformOSX+OpenGLContext.swift */ = {isa = PBXFileReference; fileEncoding = 4; lastKnownFileType = sourcecode.swift; path = "PlatformOSX+OpenGLContext.swift"; sourceTree = "<group>"; };
		E59C5F121B9E7DF4003422FB /* PlatformOSX+Platform.swift */ = {isa = PBXFileReference; fileEncoding = 4; lastKnownFileType = sourcecode.swift; path = "PlatformOSX+Platform.swift"; sourceTree = "<group>"; };
		E59C5F141B9E7F0C003422FB /* PlatformOSX+CoordinateSystem.swift */ = {isa = PBXFileReference; fileEncoding = 4; lastKnownFileType = sourcecode.swift; path = "PlatformOSX+CoordinateSystem.swift"; sourceTree = "<group>"; };
		E59C5F161B9E7F83003422FB /* PlatformOSX+NSUserDefaults.swift */ = {isa = PBXFileReference; fileEncoding = 4; lastKnownFileType = sourcecode.swift; path = "PlatformOSX+NSUserDefaults.swift"; sourceTree = "<group>"; };
		E5AC4E281BA5B13A00134995 /* TerrainSystem.swift */ = {isa = PBXFileReference; fileEncoding = 4; lastKnownFileType = sourcecode.swift; path = TerrainSystem.swift; sourceTree = "<group>"; };
		E5AC4E2A1BA5C5E500134995 /* Assets */ = {isa = PBXFileReference; lastKnownFileType = folder; path = Assets; sourceTree = "<group>"; };
		E5AC4E2C1BA5C6A200134995 /* AssetLoader.swift */ = {isa = PBXFileReference; fileEncoding = 4; lastKnownFileType = sourcecode.swift; path = AssetLoader.swift; sourceTree = "<group>"; };
		E5AC4E2E1BA5C6EB00134995 /* PlatformOSX+AssetLoader.swift */ = {isa = PBXFileReference; fileEncoding = 4; lastKnownFileType = sourcecode.swift; path = "PlatformOSX+AssetLoader.swift"; sourceTree = "<group>"; };
		E5AC4E301BA5C74A00134995 /* TextureData.swift */ = {isa = PBXFileReference; fileEncoding = 4; lastKnownFileType = sourcecode.swift; path = TextureData.swift; sourceTree = "<group>"; };
		E5AC4E321BA5C77A00134995 /* TextureFormat.swift */ = {isa = PBXFileReference; fileEncoding = 4; lastKnownFileType = sourcecode.swift; path = TextureFormat.swift; sourceTree = "<group>"; };
		E5AC4E341BA5CAB900134995 /* PixelSize.swift */ = {isa = PBXFileReference; fileEncoding = 4; lastKnownFileType = sourcecode.swift; path = PixelSize.swift; sourceTree = "<group>"; };
		E5C54E2E1B954E58003F5AEB /* PlayerMovementSystem.swift */ = {isa = PBXFileReference; fileEncoding = 4; lastKnownFileType = sourcecode.swift; path = PlayerMovementSystem.swift; sourceTree = "<group>"; };
		E5CA680D1B9FC695002B065E /* Polygon.swift */ = {isa = PBXFileReference; fileEncoding = 4; lastKnownFileType = sourcecode.swift; path = Polygon.swift; sourceTree = "<group>"; };
		E5CA680F1B9FC8D0002B065E /* Mesh.swift */ = {isa = PBXFileReference; fileEncoding = 4; lastKnownFileType = sourcecode.swift; path = Mesh.swift; sourceTree = "<group>"; };
		E5CA68131B9FCBA4002B065E /* Color.swift */ = {isa = PBXFileReference; fileEncoding = 4; lastKnownFileType = sourcecode.swift; path = Color.swift; sourceTree = "<group>"; };
		E5CA68151B9FDF40002B065E /* VertexDescriptor.swift */ = {isa = PBXFileReference; fileEncoding = 4; lastKnownFileType = sourcecode.swift; path = VertexDescriptor.swift; sourceTree = "<group>"; };
		E5E8B23E1BA4606D004E9485 /* VertexAttribute.swift */ = {isa = PBXFileReference; fileEncoding = 4; lastKnownFileType = sourcecode.swift; path = VertexAttribute.swift; sourceTree = "<group>"; };
		E5E8B2401BA460A1004E9485 /* VertexAttributeFormat.swift */ = {isa = PBXFileReference; fileEncoding = 4; lastKnownFileType = sourcecode.swift; path = VertexAttributeFormat.swift; sourceTree = "<group>"; };
		E5E8B2421BA47D33004E9485 /* Material.swift */ = {isa = PBXFileReference; fileEncoding = 4; lastKnownFileType = sourcecode.swift; path = Material.swift; sourceTree = "<group>"; };
		E5E8B2441BA48112004E9485 /* Vertex.swift */ = {isa = PBXFileReference; fileEncoding = 4; lastKnownFileType = sourcecode.swift; path = Vertex.swift; sourceTree = "<group>"; };
		E5E8B2461BA48915004E9485 /* ByteBuffer.swift */ = {isa = PBXFileReference; fileEncoding = 4; lastKnownFileType = sourcecode.swift; path = ByteBuffer.swift; sourceTree = "<group>"; };
		E5E8B2821BA4CFC0004E9485 /* RenderableTriangle.swift */ = {isa = PBXFileReference; fileEncoding = 4; lastKnownFileType = sourcecode.swift; path = RenderableTriangle.swift; sourceTree = "<group>"; };
		E5FF1A691B8C02BF009B2AC6 /* Logic.swift */ = {isa = PBXFileReference; fileEncoding = 4; lastKnownFileType = sourcecode.swift; path = Logic.swift; sourceTree = "<group>"; };
/* End PBXFileReference section */

/* Begin PBXFrameworksBuildPhase section */
		E581CF6B1B892C6900D7174F /* Frameworks */ = {
			isa = PBXFrameworksBuildPhase;
			buildActionMask = 2147483647;
			files = (
			);
			runOnlyForDeploymentPostprocessing = 0;
		};
		E581CF7A1B892C6900D7174F /* Frameworks */ = {
			isa = PBXFrameworksBuildPhase;
			buildActionMask = 2147483647;
			files = (
			);
			runOnlyForDeploymentPostprocessing = 0;
		};
/* End PBXFrameworksBuildPhase section */

/* Begin PBXGroup section */
		09F609571B9C54CE003B4A5B /* Items */ = {
			isa = PBXGroup;
			children = (
				09F609581B9C54F0003B4A5B /* HoldableItem.swift */,
				09F6095C1B9C565B003B4A5B /* Item.swift */,
				09F6095A1B9C556E003B4A5B /* WearableItem.swift */,
			);
			name = Items;
			sourceTree = "<group>";
		};
		E535C8D81B93A6D80048321F /* Components */ = {
			isa = PBXGroup;
			children = (
				09F609551B9C546C003B4A5B /* InventoryComponent.swift */,
				E535C8C21B9161B10048321F /* OrientationComponent.swift */,
				09F609531B9C53F3003B4A5B /* PlayerComponent.swift */,
				E535C8C41B91E8F80048321F /* ProjectionComponent.swift */,
				E535C8D91B93A7490048321F /* RenderComponent.swift */,
			);
			name = Components;
			sourceTree = "<group>";
		};
		E581CF651B892C6900D7174F = {
			isa = PBXGroup;
			children = (
				E581CF701B892C6900D7174F /* Shkadov */,
				E581CF801B892C6900D7174F /* ShkadovTests */,
				E581CF6F1B892C6900D7174F /* Products */,
			);
			sourceTree = "<group>";
		};
		E581CF6F1B892C6900D7174F /* Products */ = {
			isa = PBXGroup;
			children = (
				E581CF6E1B892C6900D7174F /* Shkadov.app */,
				E581CF7D1B892C6900D7174F /* ShkadovTests.xctest */,
			);
			name = Products;
			sourceTree = "<group>";
		};
		E581CF701B892C6900D7174F /* Shkadov */ = {
			isa = PBXGroup;
			children = (
				E5AC4E2A1BA5C5E500134995 /* Assets */,
				E581CFB41B89361100D7174F /* Engine */,
				E581CFB31B8935F500D7174F /* OpenGL */,
				E581CFB61B89367100D7174F /* OS X */,
				E581CFB51B89363500D7174F /* Utility */,
				E581CF931B892C9F00D7174F /* main.swift */,
				E581CF731B892C6900D7174F /* Assets.xcassets */,
				E581CF781B892C6900D7174F /* Info.plist */,
			);
			path = Shkadov;
			sourceTree = "<group>";
		};
		E581CF801B892C6900D7174F /* ShkadovTests */ = {
			isa = PBXGroup;
			children = (
				E581CF811B892C6900D7174F /* ShkadovTests.swift */,
				E581CF831B892C6900D7174F /* Info.plist */,
			);
			path = ShkadovTests;
			sourceTree = "<group>";
		};
		E581CFB21B8935E100D7174F /* Shaders */ = {
			isa = PBXGroup;
			children = (
				E581CF9B1B892C9F00D7174F /* Shader.fsh */,
				E581CF9C1B892C9F00D7174F /* Shader.vsh */,
			);
			name = Shaders;
			sourceTree = "<group>";
		};
		E581CFB31B8935F500D7174F /* OpenGL */ = {
			isa = PBXGroup;
			children = (
				E581CFB21B8935E100D7174F /* Shaders */,
				E581CF961B892C9F00D7174F /* OpenGL.swift */,
				E581CF971B892C9F00D7174F /* OpenGLRenderer.swift */,
			);
			name = OpenGL;
			sourceTree = "<group>";
		};
		E581CFB41B89361100D7174F /* Engine */ = {
			isa = PBXGroup;
			children = (
				E535C8D81B93A6D80048321F /* Components */,
				09F609571B9C54CE003B4A5B /* Items */,
				E5AC4E2C1BA5C6A200134995 /* AssetLoader.swift */,
				E5E8B2461BA48915004E9485 /* ByteBuffer.swift */,
				E5CA68131B9FCBA4002B065E /* Color.swift */,
				E535C8BA1B90608C0048321F /* Component.swift */,
				E581CF8F1B892C9F00D7174F /* Engine.swift */,
				E535C8BC1B9155C70048321F /* Entity.swift */,
				E535C8D21B923C510048321F /* EntityComponents.swift */,
				E581CFB71B893D7400D7174F /* Event.swift */,
				E592A5BA1B8A4EFA0032D982 /* Geometry.swift */,
				E535C8C01B9158920048321F /* Handle.swift */,
				09F609511B9C4865003B4A5B /* InputContext.swift */,
				E535C8D41B93586B0048321F /* Kind.swift */,
				E5FF1A691B8C02BF009B2AC6 /* Logic.swift */,
				E5E8B2421BA47D33004E9485 /* Material.swift */,
				E581CF941B892C9F00D7174F /* Matrix.swift */,
				E5CA680F1B9FC8D0002B065E /* Mesh.swift */,
				E59C5F081B9E7BA0003422FB /* OpenGLContext.swift */,
				E5AC4E341BA5CAB900134995 /* PixelSize.swift */,
				E592A5BC1B8A64D20032D982 /* Platform.swift */,
				E5C54E2E1B954E58003F5AEB /* PlayerMovementSystem.swift */,
				E5CA680D1B9FC695002B065E /* Polygon.swift */,
				09F6094F1B9C45D3003B4A5B /* RawInput.swift */,
				E592A5B61B8A116F0032D982 /* RawInputEventBuffer.swift */,
				E5E8B2821BA4CFC0004E9485 /* RenderableTriangle.swift */,
				E581CF981B892C9F00D7174F /* Renderer.swift */,
				E581CF9A1B892C9F00D7174F /* RenderState.swift */,
				E535C8DB1B93A8620048321F /* RenderSystem.swift */,
				09C3F4961BA26C410025FFE4 /* RTTI.swift */,
				E592A5C01B8AAC220032D982 /* Synchronizable.swift */,
				E5AC4E281BA5B13A00134995 /* TerrainSystem.swift */,
				E535C8D61B9385E70048321F /* TestCubeSystem.swift */,
				E5AC4E301BA5C74A00134995 /* TextureData.swift */,
				E5AC4E321BA5C77A00134995 /* TextureFormat.swift */,
				E592A5B81B8A4EA60032D982 /* TIme.swift */,
				E581CF9D1B892C9F00D7174F /* Timer.swift */,
				E592A5BE1B8A9E240032D982 /* Vector.swift */,
				E5E8B2441BA48112004E9485 /* Vertex.swift */,
				E5E8B23E1BA4606D004E9485 /* VertexAttribute.swift */,
				E5E8B2401BA460A1004E9485 /* VertexAttributeFormat.swift */,
				E5CA68151B9FDF40002B065E /* VertexDescriptor.swift */,
			);
			name = Engine;
			sourceTree = "<group>";
		};
		E581CFB51B89363500D7174F /* Utility */ = {
			isa = PBXGroup;
			children = (
				E581CF8D1B892C9F00D7174F /* DispatchQueue.swift */,
				E581CF8E1B892C9F00D7174F /* DispatchSource.swift */,
			);
			name = Utility;
			sourceTree = "<group>";
		};
		E581CFB61B89367100D7174F /* OS X */ = {
			isa = PBXGroup;
			children = (
				E581CF911B892C9F00D7174F /* ContentView.swift */,
				E59C5F0E1B9E7D2E003422FB /* Geometry+CoreGraphics.swift */,
				E581CFB91B894E6400D7174F /* PlatformOSX.swift */,
				E5AC4E2E1BA5C6EB00134995 /* PlatformOSX+AssetLoader.swift */,
				E59C5F141B9E7F0C003422FB /* PlatformOSX+CoordinateSystem.swift */,
				E59C5F0A1B9E7BF8003422FB /* PlatformOSX+NSApplicationDelegate.swift */,
				E59C5F161B9E7F83003422FB /* PlatformOSX+NSUserDefaults.swift */,
				E59C5F0C1B9E7C63003422FB /* PlatformOSX+NSWindowDelegate.swift */,
				E59C5F101B9E7D81003422FB /* PlatformOSX+OpenGLContext.swift */,
				E59C5F121B9E7DF4003422FB /* PlatformOSX+Platform.swift */,
			);
			name = "OS X";
			sourceTree = "<group>";
		};
/* End PBXGroup section */

/* Begin PBXNativeTarget section */
		E581CF6D1B892C6900D7174F /* Shkadov */ = {
			isa = PBXNativeTarget;
			buildConfigurationList = E581CF861B892C6900D7174F /* Build configuration list for PBXNativeTarget "Shkadov" */;
			buildPhases = (
				E581CF6A1B892C6900D7174F /* Sources */,
				E581CF6B1B892C6900D7174F /* Frameworks */,
				E581CF6C1B892C6900D7174F /* Resources */,
			);
			buildRules = (
			);
			dependencies = (
			);
			name = Shkadov;
			productName = Shkadov;
			productReference = E581CF6E1B892C6900D7174F /* Shkadov.app */;
			productType = "com.apple.product-type.application";
		};
		E581CF7C1B892C6900D7174F /* ShkadovTests */ = {
			isa = PBXNativeTarget;
			buildConfigurationList = E581CF891B892C6900D7174F /* Build configuration list for PBXNativeTarget "ShkadovTests" */;
			buildPhases = (
				E581CF791B892C6900D7174F /* Sources */,
				E581CF7A1B892C6900D7174F /* Frameworks */,
				E581CF7B1B892C6900D7174F /* Resources */,
			);
			buildRules = (
			);
			dependencies = (
				E581CF7F1B892C6900D7174F /* PBXTargetDependency */,
			);
			name = ShkadovTests;
			productName = ShkadovTests;
			productReference = E581CF7D1B892C6900D7174F /* ShkadovTests.xctest */;
			productType = "com.apple.product-type.bundle.unit-test";
		};
/* End PBXNativeTarget section */

/* Begin PBXProject section */
		E581CF661B892C6900D7174F /* Project object */ = {
			isa = PBXProject;
			attributes = {
				LastSwiftUpdateCheck = 0700;
				LastUpgradeCheck = 0700;
				ORGANIZATIONNAME = "Justin Kolb";
				TargetAttributes = {
					E581CF6D1B892C6900D7174F = {
						CreatedOnToolsVersion = 7.0;
					};
					E581CF7C1B892C6900D7174F = {
						CreatedOnToolsVersion = 7.0;
						TestTargetID = E581CF6D1B892C6900D7174F;
					};
				};
			};
			buildConfigurationList = E581CF691B892C6900D7174F /* Build configuration list for PBXProject "Shkadov" */;
			compatibilityVersion = "Xcode 3.2";
			developmentRegion = English;
			hasScannedForEncodings = 0;
			knownRegions = (
				en,
				Base,
			);
			mainGroup = E581CF651B892C6900D7174F;
			productRefGroup = E581CF6F1B892C6900D7174F /* Products */;
			projectDirPath = "";
			projectRoot = "";
			targets = (
				E581CF6D1B892C6900D7174F /* Shkadov */,
				E581CF7C1B892C6900D7174F /* ShkadovTests */,
			);
		};
/* End PBXProject section */

/* Begin PBXResourcesBuildPhase section */
		E581CF6C1B892C6900D7174F /* Resources */ = {
			isa = PBXResourcesBuildPhase;
			buildActionMask = 2147483647;
			files = (
				E581CFAE1B892C9F00D7174F /* Shader.fsh in Resources */,
				E5AC4E2B1BA5C5E500134995 /* Assets in Resources */,
				E581CF741B892C6900D7174F /* Assets.xcassets in Resources */,
				E581CFAF1B892C9F00D7174F /* Shader.vsh in Resources */,
			);
			runOnlyForDeploymentPostprocessing = 0;
		};
		E581CF7B1B892C6900D7174F /* Resources */ = {
			isa = PBXResourcesBuildPhase;
			buildActionMask = 2147483647;
			files = (
			);
			runOnlyForDeploymentPostprocessing = 0;
		};
/* End PBXResourcesBuildPhase section */

/* Begin PBXSourcesBuildPhase section */
		E581CF6A1B892C6900D7174F /* Sources */ = {
			isa = PBXSourcesBuildPhase;
			buildActionMask = 2147483647;
			files = (
				E592A5B91B8A4EA60032D982 /* TIme.swift in Sources */,
				E5CA68101B9FC8D0002B065E /* Mesh.swift in Sources */,
				E5AC4E291BA5B13A00134995 /* TerrainSystem.swift in Sources */,
				E5C54E2F1B954E58003F5AEB /* PlayerMovementSystem.swift in Sources */,
				E5FF1A6A1B8C02BF009B2AC6 /* Logic.swift in Sources */,
				E59C5F091B9E7BA0003422FB /* OpenGLContext.swift in Sources */,
				E59C5F131B9E7DF4003422FB /* PlatformOSX+Platform.swift in Sources */,
				09F609501B9C45D3003B4A5B /* RawInput.swift in Sources */,
				E59C5F0F1B9E7D2E003422FB /* Geometry+CoreGraphics.swift in Sources */,
				E535C8C11B9158920048321F /* Handle.swift in Sources */,
				E5E8B2471BA48915004E9485 /* ByteBuffer.swift in Sources */,
				E59C5F171B9E7F83003422FB /* PlatformOSX+NSUserDefaults.swift in Sources */,
				E581CFA71B892C9F00D7174F /* Matrix.swift in Sources */,
				E581CFBA1B894E6400D7174F /* PlatformOSX.swift in Sources */,
				E581CFA61B892C9F00D7174F /* main.swift in Sources */,
				E581CFA41B892C9F00D7174F /* ContentView.swift in Sources */,
				E5E8B23F1BA4606D004E9485 /* VertexAttribute.swift in Sources */,
				E59C5F111B9E7D81003422FB /* PlatformOSX+OpenGLContext.swift in Sources */,
				E581CFAB1B892C9F00D7174F /* Renderer.swift in Sources */,
				E59C5F151B9E7F0C003422FB /* PlatformOSX+CoordinateSystem.swift in Sources */,
				E592A5B71B8A116F0032D982 /* RawInputEventBuffer.swift in Sources */,
				09F609591B9C54F0003B4A5B /* HoldableItem.swift in Sources */,
				E5AC4E311BA5C74A00134995 /* TextureData.swift in Sources */,
				09C3F4971BA26C410025FFE4 /* RTTI.swift in Sources */,
				E5AC4E331BA5C77A00134995 /* TextureFormat.swift in Sources */,
				E5AC4E2D1BA5C6A200134995 /* AssetLoader.swift in Sources */,
				E535C8BB1B90608C0048321F /* Component.swift in Sources */,
				E535C8D51B93586B0048321F /* Kind.swift in Sources */,
				09F6095D1B9C565B003B4A5B /* Item.swift in Sources */,
				E535C8BD1B9155C70048321F /* Entity.swift in Sources */,
				E5E8B2411BA460A1004E9485 /* VertexAttributeFormat.swift in Sources */,
				E59C5F0D1B9E7C63003422FB /* PlatformOSX+NSWindowDelegate.swift in Sources */,
				E581CFA21B892C9F00D7174F /* Engine.swift in Sources */,
				E592A5BB1B8A4EFA0032D982 /* Geometry.swift in Sources */,
				E535C8DA1B93A7490048321F /* RenderComponent.swift in Sources */,
				09F609521B9C4865003B4A5B /* InputContext.swift in Sources */,
				E592A5BF1B8A9E240032D982 /* Vector.swift in Sources */,
				E535C8C31B9161B10048321F /* OrientationComponent.swift in Sources */,
				E592A5BD1B8A64D20032D982 /* Platform.swift in Sources */,
				E535C8DC1B93A8620048321F /* RenderSystem.swift in Sources */,
				E5CA680E1B9FC695002B065E /* Polygon.swift in Sources */,
				09F609541B9C53F3003B4A5B /* PlayerComponent.swift in Sources */,
				E535C8D71B9385E70048321F /* TestCubeSystem.swift in Sources */,
				09F6095B1B9C556E003B4A5B /* WearableItem.swift in Sources */,
				E5CA68141B9FCBA4002B065E /* Color.swift in Sources */,
				E581CFB01B892C9F00D7174F /* Timer.swift in Sources */,
				E581CFA01B892C9F00D7174F /* DispatchQueue.swift in Sources */,
				E581CFB81B893D7400D7174F /* Event.swift in Sources */,
				E581CFAA1B892C9F00D7174F /* OpenGLRenderer.swift in Sources */,
				E5CA68161B9FDF40002B065E /* VertexDescriptor.swift in Sources */,
				09F609561B9C546C003B4A5B /* InventoryComponent.swift in Sources */,
				E5E8B2831BA4CFC0004E9485 /* RenderableTriangle.swift in Sources */,
				E5E8B2431BA47D33004E9485 /* Material.swift in Sources */,
				E581CFA91B892C9F00D7174F /* OpenGL.swift in Sources */,
				E5E8B2451BA48112004E9485 /* Vertex.swift in Sources */,
				E5AC4E2F1BA5C6EB00134995 /* PlatformOSX+AssetLoader.swift in Sources */,
				E581CFAD1B892C9F00D7174F /* RenderState.swift in Sources */,
				E592A5C11B8AAC220032D982 /* Synchronizable.swift in Sources */,
				E59C5F0B1B9E7BF8003422FB /* PlatformOSX+NSApplicationDelegate.swift in Sources */,
				E5AC4E351BA5CAB900134995 /* PixelSize.swift in Sources */,
				E581CFA11B892C9F00D7174F /* DispatchSource.swift in Sources */,
				E535C8D31B923C510048321F /* EntityComponents.swift in Sources */,
				E535C8C51B91E8F80048321F /* ProjectionComponent.swift in Sources */,
			);
			runOnlyForDeploymentPostprocessing = 0;
		};
		E581CF791B892C6900D7174F /* Sources */ = {
			isa = PBXSourcesBuildPhase;
			buildActionMask = 2147483647;
			files = (
				E581CF821B892C6900D7174F /* ShkadovTests.swift in Sources */,
			);
			runOnlyForDeploymentPostprocessing = 0;
		};
/* End PBXSourcesBuildPhase section */

/* Begin PBXTargetDependency section */
		E581CF7F1B892C6900D7174F /* PBXTargetDependency */ = {
			isa = PBXTargetDependency;
			target = E581CF6D1B892C6900D7174F /* Shkadov */;
			targetProxy = E581CF7E1B892C6900D7174F /* PBXContainerItemProxy */;
		};
/* End PBXTargetDependency section */

/* Begin XCBuildConfiguration section */
		E581CF841B892C6900D7174F /* Debug */ = {
			isa = XCBuildConfiguration;
			buildSettings = {
				ALWAYS_SEARCH_USER_PATHS = NO;
				CLANG_CXX_LANGUAGE_STANDARD = "gnu++0x";
				CLANG_CXX_LIBRARY = "libc++";
				CLANG_ENABLE_MODULES = YES;
				CLANG_ENABLE_OBJC_ARC = YES;
				CLANG_WARN_BOOL_CONVERSION = YES;
				CLANG_WARN_CONSTANT_CONVERSION = YES;
				CLANG_WARN_DIRECT_OBJC_ISA_USAGE = YES_ERROR;
				CLANG_WARN_EMPTY_BODY = YES;
				CLANG_WARN_ENUM_CONVERSION = YES;
				CLANG_WARN_INT_CONVERSION = YES;
				CLANG_WARN_OBJC_ROOT_CLASS = YES_ERROR;
				CLANG_WARN_UNREACHABLE_CODE = YES;
				CLANG_WARN__DUPLICATE_METHOD_MATCH = YES;
				CODE_SIGN_IDENTITY = "-";
				COPY_PHASE_STRIP = NO;
				DEBUG_INFORMATION_FORMAT = dwarf;
				ENABLE_STRICT_OBJC_MSGSEND = YES;
				ENABLE_TESTABILITY = YES;
				GCC_C_LANGUAGE_STANDARD = gnu99;
				GCC_DYNAMIC_NO_PIC = NO;
				GCC_NO_COMMON_BLOCKS = YES;
				GCC_OPTIMIZATION_LEVEL = 0;
				GCC_PREPROCESSOR_DEFINITIONS = (
					"DEBUG=1",
					"$(inherited)",
				);
				GCC_WARN_64_TO_32_BIT_CONVERSION = YES;
				GCC_WARN_ABOUT_RETURN_TYPE = YES_ERROR;
				GCC_WARN_UNDECLARED_SELECTOR = YES;
				GCC_WARN_UNINITIALIZED_AUTOS = YES_AGGRESSIVE;
				GCC_WARN_UNUSED_FUNCTION = YES;
				GCC_WARN_UNUSED_VARIABLE = YES;
				MACOSX_DEPLOYMENT_TARGET = 10.10;
				MTL_ENABLE_DEBUG_INFO = YES;
				ONLY_ACTIVE_ARCH = YES;
				SDKROOT = macosx;
				SWIFT_OPTIMIZATION_LEVEL = "-Onone";
			};
			name = Debug;
		};
		E581CF851B892C6900D7174F /* Release */ = {
			isa = XCBuildConfiguration;
			buildSettings = {
				ALWAYS_SEARCH_USER_PATHS = NO;
				CLANG_CXX_LANGUAGE_STANDARD = "gnu++0x";
				CLANG_CXX_LIBRARY = "libc++";
				CLANG_ENABLE_MODULES = YES;
				CLANG_ENABLE_OBJC_ARC = YES;
				CLANG_WARN_BOOL_CONVERSION = YES;
				CLANG_WARN_CONSTANT_CONVERSION = YES;
				CLANG_WARN_DIRECT_OBJC_ISA_USAGE = YES_ERROR;
				CLANG_WARN_EMPTY_BODY = YES;
				CLANG_WARN_ENUM_CONVERSION = YES;
				CLANG_WARN_INT_CONVERSION = YES;
				CLANG_WARN_OBJC_ROOT_CLASS = YES_ERROR;
				CLANG_WARN_UNREACHABLE_CODE = YES;
				CLANG_WARN__DUPLICATE_METHOD_MATCH = YES;
				CODE_SIGN_IDENTITY = "-";
				COPY_PHASE_STRIP = NO;
				DEBUG_INFORMATION_FORMAT = "dwarf-with-dsym";
				ENABLE_NS_ASSERTIONS = NO;
				ENABLE_STRICT_OBJC_MSGSEND = YES;
				GCC_C_LANGUAGE_STANDARD = gnu99;
				GCC_NO_COMMON_BLOCKS = YES;
				GCC_WARN_64_TO_32_BIT_CONVERSION = YES;
				GCC_WARN_ABOUT_RETURN_TYPE = YES_ERROR;
				GCC_WARN_UNDECLARED_SELECTOR = YES;
				GCC_WARN_UNINITIALIZED_AUTOS = YES_AGGRESSIVE;
				GCC_WARN_UNUSED_FUNCTION = YES;
				GCC_WARN_UNUSED_VARIABLE = YES;
				MACOSX_DEPLOYMENT_TARGET = 10.10;
				MTL_ENABLE_DEBUG_INFO = NO;
				SDKROOT = macosx;
			};
			name = Release;
		};
		E581CF871B892C6900D7174F /* Debug */ = {
			isa = XCBuildConfiguration;
			buildSettings = {
				ASSETCATALOG_COMPILER_APPICON_NAME = AppIcon;
				CLANG_ENABLE_MODULES = YES;
				COMBINE_HIDPI_IMAGES = YES;
				INFOPLIST_FILE = Shkadov/Info.plist;
				LD_RUNPATH_SEARCH_PATHS = "$(inherited) @executable_path/../Frameworks";
				OTHER_SWIFT_FLAGS = "-DDEBUG";
				PRODUCT_BUNDLE_IDENTIFIER = franticapparatus.net.Shkadov;
				PRODUCT_NAME = "$(TARGET_NAME)";
				SWIFT_OPTIMIZATION_LEVEL = "-Onone";
			};
			name = Debug;
		};
		E581CF881B892C6900D7174F /* Release */ = {
			isa = XCBuildConfiguration;
			buildSettings = {
				ASSETCATALOG_COMPILER_APPICON_NAME = AppIcon;
				CLANG_ENABLE_MODULES = YES;
				COMBINE_HIDPI_IMAGES = YES;
				INFOPLIST_FILE = Shkadov/Info.plist;
				LD_RUNPATH_SEARCH_PATHS = "$(inherited) @executable_path/../Frameworks";
				PRODUCT_BUNDLE_IDENTIFIER = franticapparatus.net.Shkadov;
				PRODUCT_NAME = "$(TARGET_NAME)";
			};
			name = Release;
		};
		E581CF8A1B892C6900D7174F /* Debug */ = {
			isa = XCBuildConfiguration;
			buildSettings = {
				BUNDLE_LOADER = "$(TEST_HOST)";
				COMBINE_HIDPI_IMAGES = YES;
				INFOPLIST_FILE = ShkadovTests/Info.plist;
				LD_RUNPATH_SEARCH_PATHS = "$(inherited) @executable_path/../Frameworks @loader_path/../Frameworks";
				PRODUCT_BUNDLE_IDENTIFIER = franticapparatus.net.ShkadovTests;
				PRODUCT_NAME = "$(TARGET_NAME)";
				TEST_HOST = "$(BUILT_PRODUCTS_DIR)/Shkadov.app/Contents/MacOS/Shkadov";
			};
			name = Debug;
		};
		E581CF8B1B892C6900D7174F /* Release */ = {
			isa = XCBuildConfiguration;
			buildSettings = {
				BUNDLE_LOADER = "$(TEST_HOST)";
				COMBINE_HIDPI_IMAGES = YES;
				INFOPLIST_FILE = ShkadovTests/Info.plist;
				LD_RUNPATH_SEARCH_PATHS = "$(inherited) @executable_path/../Frameworks @loader_path/../Frameworks";
				PRODUCT_BUNDLE_IDENTIFIER = franticapparatus.net.ShkadovTests;
				PRODUCT_NAME = "$(TARGET_NAME)";
				TEST_HOST = "$(BUILT_PRODUCTS_DIR)/Shkadov.app/Contents/MacOS/Shkadov";
			};
			name = Release;
		};
/* End XCBuildConfiguration section */

/* Begin XCConfigurationList section */
		E581CF691B892C6900D7174F /* Build configuration list for PBXProject "Shkadov" */ = {
			isa = XCConfigurationList;
			buildConfigurations = (
				E581CF841B892C6900D7174F /* Debug */,
				E581CF851B892C6900D7174F /* Release */,
			);
			defaultConfigurationIsVisible = 0;
			defaultConfigurationName = Release;
		};
		E581CF861B892C6900D7174F /* Build configuration list for PBXNativeTarget "Shkadov" */ = {
			isa = XCConfigurationList;
			buildConfigurations = (
				E581CF871B892C6900D7174F /* Debug */,
				E581CF881B892C6900D7174F /* Release */,
			);
			defaultConfigurationIsVisible = 0;
			defaultConfigurationName = Release;
		};
		E581CF891B892C6900D7174F /* Build configuration list for PBXNativeTarget "ShkadovTests" */ = {
			isa = XCConfigurationList;
			buildConfigurations = (
				E581CF8A1B892C6900D7174F /* Debug */,
				E581CF8B1B892C6900D7174F /* Release */,
			);
			defaultConfigurationIsVisible = 0;
			defaultConfigurationName = Release;
		};
/* End XCConfigurationList section */
	};
	rootObject = E581CF661B892C6900D7174F /* Project object */;
}
